// !$*UTF8*$!
{
	archiveVersion = 1;
	classes = {
	};
	objectVersion = 56;
	objects = {

/* Begin PBXBuildFile section */
		D12B91C72B00F953006451FE /* FirebaseAnalyticsWithoutAdIdSupport in Frameworks */ = {isa = PBXBuildFile; productRef = D12B91C62B00F953006451FE /* FirebaseAnalyticsWithoutAdIdSupport */; };
		D12B91C92B00F953006451FE /* FirebaseCrashlytics in Frameworks */ = {isa = PBXBuildFile; productRef = D12B91C82B00F953006451FE /* FirebaseCrashlytics */; };
		D12B91CB2B00F953006451FE /* FirebaseMessaging in Frameworks */ = {isa = PBXBuildFile; productRef = D12B91CA2B00F953006451FE /* FirebaseMessaging */; };
		D12B91EE2B020777006451FE /* GoogleService-Info.plist in Resources */ = {isa = PBXBuildFile; fileRef = D12B91ED2B020777006451FE /* GoogleService-Info.plist */; };
		D1370A5C2ADC017900FCBD67 /* AdditionalMemoViewController.swift in Sources */ = {isa = PBXBuildFile; fileRef = D1370A5B2ADC017900FCBD67 /* AdditionalMemoViewController.swift */; };
		D1370A5E2ADC103300FCBD67 /* VaccineSelectViewController.swift in Sources */ = {isa = PBXBuildFile; fileRef = D1370A5D2ADC103300FCBD67 /* VaccineSelectViewController.swift */; };
		D1370A662ADD156100FCBD67 /* VaccineCategoryCollectionViewCell.swift in Sources */ = {isa = PBXBuildFile; fileRef = D1370A652ADD156100FCBD67 /* VaccineCategoryCollectionViewCell.swift */; };
		D1370A682ADD156A00FCBD67 /* VaccineAddCollectionViewCell.swift in Sources */ = {isa = PBXBuildFile; fileRef = D1370A672ADD156A00FCBD67 /* VaccineAddCollectionViewCell.swift */; };
		D1370A6D2ADE5C3800FCBD67 /* moveToFirstScene.swift in Sources */ = {isa = PBXBuildFile; fileRef = D1370A6C2ADE5C3800FCBD67 /* moveToFirstScene.swift */; };
		D1370A6F2ADE600700FCBD67 /* MedicalRecordType.swift in Sources */ = {isa = PBXBuildFile; fileRef = D1370A6E2ADE600700FCBD67 /* MedicalRecordType.swift */; };
		D1370A762ADE7E2A00FCBD67 /* TotalViewController.swift in Sources */ = {isa = PBXBuildFile; fileRef = D1370A752ADE7E2A00FCBD67 /* TotalViewController.swift */; };
		D1370A7D2AE041DE00FCBD67 /* Toast in Frameworks */ = {isa = PBXBuildFile; productRef = D1370A7C2AE041DE00FCBD67 /* Toast */; };
		D1370A7F2AE1306B00FCBD67 /* CalendarView.swift in Sources */ = {isa = PBXBuildFile; fileRef = D1370A7E2AE1306B00FCBD67 /* CalendarView.swift */; };
		D1370A812AE130E500FCBD67 /* BaseView.swift in Sources */ = {isa = PBXBuildFile; fileRef = D1370A802AE130E500FCBD67 /* BaseView.swift */; };
		D1370A852AE1537400FCBD67 /* DailyRecordCollectionViewCell.swift in Sources */ = {isa = PBXBuildFile; fileRef = D1370A842AE1537400FCBD67 /* DailyRecordCollectionViewCell.swift */; };
		D1370A872AE15DB300FCBD67 /* DiaryTableViewCell.swift in Sources */ = {isa = PBXBuildFile; fileRef = D1370A862AE15DB300FCBD67 /* DiaryTableViewCell.swift */; };
		D1370A8A2AE15EFC00FCBD67 /* DiaryView.swift in Sources */ = {isa = PBXBuildFile; fileRef = D1370A892AE15EFC00FCBD67 /* DiaryView.swift */; };
		D1370A8C2AE1889000FCBD67 /* DailyView.swift in Sources */ = {isa = PBXBuildFile; fileRef = D1370A8B2AE1889000FCBD67 /* DailyView.swift */; };
		D1370A8E2AE188AB00FCBD67 /* MedicalView.swift in Sources */ = {isa = PBXBuildFile; fileRef = D1370A8D2AE188AB00FCBD67 /* MedicalView.swift */; };
		D1370A942AE25F8B00FCBD67 /* SettingViewController.swift in Sources */ = {isa = PBXBuildFile; fileRef = D1370A932AE25F8B00FCBD67 /* SettingViewController.swift */; };
		D1370A982AE2707100FCBD67 /* EmptyView.swift in Sources */ = {isa = PBXBuildFile; fileRef = D1370A972AE2707100FCBD67 /* EmptyView.swift */; };
		D1370A9A2AE2761900FCBD67 /* DailyTempTableViewCell.swift in Sources */ = {isa = PBXBuildFile; fileRef = D1370A992AE2761900FCBD67 /* DailyTempTableViewCell.swift */; };
		D1370A9C2AE40F2F00FCBD67 /* String+.swift in Sources */ = {isa = PBXBuildFile; fileRef = D1370A9B2AE40F2F00FCBD67 /* String+.swift */; };
		D1370A9E2AE57F8100FCBD67 /* Observable.swift in Sources */ = {isa = PBXBuildFile; fileRef = D1370A9D2AE57F8100FCBD67 /* Observable.swift */; };
		D1370AA12AE584E300FCBD67 /* DiaryViewModel.swift in Sources */ = {isa = PBXBuildFile; fileRef = D1370AA02AE584E300FCBD67 /* DiaryViewModel.swift */; };
		D1370AA32AE59FF100FCBD67 /* ProfileViewModel.swift in Sources */ = {isa = PBXBuildFile; fileRef = D1370AA22AE59FF100FCBD67 /* ProfileViewModel.swift */; };
		D1370AA52AE5AF8600FCBD67 /* Record.swift in Sources */ = {isa = PBXBuildFile; fileRef = D1370AA42AE5AF8600FCBD67 /* Record.swift */; };
		D1370AA72AE5B0E400FCBD67 /* MedicalRecord.swift in Sources */ = {isa = PBXBuildFile; fileRef = D1370AA62AE5B0E400FCBD67 /* MedicalRecord.swift */; };
		D1370AA92AE5B5B700FCBD67 /* Pet.swift in Sources */ = {isa = PBXBuildFile; fileRef = D1370AA82AE5B5B700FCBD67 /* Pet.swift */; };
		D1370AB02AE6541D00FCBD67 /* AddViewModel.swift in Sources */ = {isa = PBXBuildFile; fileRef = D1370AAF2AE6541D00FCBD67 /* AddViewModel.swift */; };
		D1370AB22AE6545400FCBD67 /* AddView.swift in Sources */ = {isa = PBXBuildFile; fileRef = D1370AB12AE6545400FCBD67 /* AddView.swift */; };
		D1370AB42AE6648400FCBD67 /* RecordView.swift in Sources */ = {isa = PBXBuildFile; fileRef = D1370AB32AE6648400FCBD67 /* RecordView.swift */; };
		D1370AB72AE6E25900FCBD67 /* TableView+.swift in Sources */ = {isa = PBXBuildFile; fileRef = D1370AB62AE6E25900FCBD67 /* TableView+.swift */; };
		D182730A2AD0F31200F4709B /* Date+.swift in Sources */ = {isa = PBXBuildFile; fileRef = D18273092AD0F31200F4709B /* Date+.swift */; };
		D18273102AD26F5900F4709B /* FSCalendar in Frameworks */ = {isa = PBXBuildFile; productRef = D182730F2AD26F5900F4709B /* FSCalendar */; };
		D18273142AD2CEA200F4709B /* Unit.swift in Sources */ = {isa = PBXBuildFile; fileRef = D18273132AD2CEA200F4709B /* Unit.swift */; };
		D1B031592B7A710800737C59 /* BackupViewController.swift in Sources */ = {isa = PBXBuildFile; fileRef = D1B031582B7A710800737C59 /* BackupViewController.swift */; };
		D1B0315C2B7A715C00737C59 /* WVViewController.swift in Sources */ = {isa = PBXBuildFile; fileRef = D1B0315B2B7A715C00737C59 /* WVViewController.swift */; };
		D1B52EC02AC9918000477A14 /* IQKeyboardManagerSwift in Frameworks */ = {isa = PBXBuildFile; productRef = D1B52EBF2AC9918000477A14 /* IQKeyboardManagerSwift */; };
		D1B52EC22AC9931F00477A14 /* ButtonBuilder.swift in Sources */ = {isa = PBXBuildFile; fileRef = D1B52EC12AC9931F00477A14 /* ButtonBuilder.swift */; };
		D1B52EC42ACAA53D00477A14 /* UnderlineTextFieldBuilder.swift in Sources */ = {isa = PBXBuildFile; fileRef = D1B52EC32ACAA53D00477A14 /* UnderlineTextFieldBuilder.swift */; };
		D1B52EC62ACAE1D000477A14 /* PetTableRepository.swift in Sources */ = {isa = PBXBuildFile; fileRef = D1B52EC52ACAE1D000477A14 /* PetTableRepository.swift */; };
		D1B52EC92ACAFC3700477A14 /* ImageManager.swift in Sources */ = {isa = PBXBuildFile; fileRef = D1B52EC82ACAFC3700477A14 /* ImageManager.swift */; };
		D1B52ED12ACBED4900477A14 /* RecordViewController.swift in Sources */ = {isa = PBXBuildFile; fileRef = D1B52ED02ACBED4900477A14 /* RecordViewController.swift */; };
		D1B52ED32ACBEE3B00477A14 /* AlertViewController.swift in Sources */ = {isa = PBXBuildFile; fileRef = D1B52ED22ACBEE3B00477A14 /* AlertViewController.swift */; };
		D1B52EFE2ACDC48E00477A14 /* ViewController+.swift in Sources */ = {isa = PBXBuildFile; fileRef = D1B52EFD2ACDC48E00477A14 /* ViewController+.swift */; };
		D1B52F002ACE79CF00477A14 /* BaseCollectionViewCell.swift in Sources */ = {isa = PBXBuildFile; fileRef = D1B52EFF2ACE79CF00477A14 /* BaseCollectionViewCell.swift */; };
		D1B52F092ACFEFC100477A14 /* MedicalHistoryViewController.swift in Sources */ = {isa = PBXBuildFile; fileRef = D1B52F082ACFEFC100477A14 /* MedicalHistoryViewController.swift */; };
		D1B52F0C2ACFF0FB00477A14 /* DiaryViewController.swift in Sources */ = {isa = PBXBuildFile; fileRef = D1B52F0B2ACFF0FB00477A14 /* DiaryViewController.swift */; };
		D1B52F0E2AD002A800477A14 /* WeightRecordViewController.swift in Sources */ = {isa = PBXBuildFile; fileRef = D1B52F0D2AD002A800477A14 /* WeightRecordViewController.swift */; };
		D1B52F102AD01F8400477A14 /* FeedViewController.swift in Sources */ = {isa = PBXBuildFile; fileRef = D1B52F0F2AD01F8400477A14 /* FeedViewController.swift */; };
		D1B52F132AD0299700477A14 /* PooViewController.swift in Sources */ = {isa = PBXBuildFile; fileRef = D1B52F122AD0299600477A14 /* PooViewController.swift */; };
		D1B52F152AD033BC00477A14 /* AddViewController+.swift in Sources */ = {isa = PBXBuildFile; fileRef = D1B52F142AD033BC00477A14 /* AddViewController+.swift */; };
		D1B52F172AD0383A00477A14 /* Species.swift in Sources */ = {isa = PBXBuildFile; fileRef = D1B52F162AD0383A00477A14 /* Species.swift */; };
		D1BA59002AC330E9007437F4 /* AppDelegate.swift in Sources */ = {isa = PBXBuildFile; fileRef = D1BA58FF2AC330E9007437F4 /* AppDelegate.swift */; };
		D1BA59022AC330E9007437F4 /* SceneDelegate.swift in Sources */ = {isa = PBXBuildFile; fileRef = D1BA59012AC330E9007437F4 /* SceneDelegate.swift */; };
		D1BA59042AC330E9007437F4 /* ProfileViewController.swift in Sources */ = {isa = PBXBuildFile; fileRef = D1BA59032AC330E9007437F4 /* ProfileViewController.swift */; };
		D1BA59092AC330EA007437F4 /* Assets.xcassets in Resources */ = {isa = PBXBuildFile; fileRef = D1BA59082AC330EA007437F4 /* Assets.xcassets */; };
		D1BA59272AC3329C007437F4 /* BaseViewController.swift in Sources */ = {isa = PBXBuildFile; fileRef = D1BA59262AC3329C007437F4 /* BaseViewController.swift */; };
		D1BA592B2AC332C5007437F4 /* BaseTableViewCell.swift in Sources */ = {isa = PBXBuildFile; fileRef = D1BA592A2AC332C5007437F4 /* BaseTableViewCell.swift */; };
		D1BA592E2AC334E3007437F4 /* reusableViewProtocol.swift in Sources */ = {isa = PBXBuildFile; fileRef = D1BA592D2AC334E3007437F4 /* reusableViewProtocol.swift */; };
		D1BA59322AC3F1FF007437F4 /* ProfileCollectionViewCell.swift in Sources */ = {isa = PBXBuildFile; fileRef = D1BA59312AC3F1FF007437F4 /* ProfileCollectionViewCell.swift */; };
		D1BA59352AC6B887007437F4 /* LabelBuilder.swift in Sources */ = {isa = PBXBuildFile; fileRef = D1BA59342AC6B887007437F4 /* LabelBuilder.swift */; };
		D1BA59372AC6B898007437F4 /* ViewAppearance.swift in Sources */ = {isa = PBXBuildFile; fileRef = D1BA59362AC6B898007437F4 /* ViewAppearance.swift */; };
		D1BA593E2AC6FC2F007437F4 /* StackViewBuilder.swift in Sources */ = {isa = PBXBuildFile; fileRef = D1BA593D2AC6FC2F007437F4 /* StackViewBuilder.swift */; };
		D1BA59402AC71147007437F4 /* ImageViewBuilder.swift in Sources */ = {isa = PBXBuildFile; fileRef = D1BA593F2AC71147007437F4 /* ImageViewBuilder.swift */; };
		D1BA59432AC7364D007437F4 /* PetTable.swift in Sources */ = {isa = PBXBuildFile; fileRef = D1BA59422AC7364D007437F4 /* PetTable.swift */; };
		D1BA59472AC73CEB007437F4 /* AddViewController.swift in Sources */ = {isa = PBXBuildFile; fileRef = D1BA59462AC73CEB007437F4 /* AddViewController.swift */; };
		D1BA594C2AC82901007437F4 /* Design.swift in Sources */ = {isa = PBXBuildFile; fileRef = D1BA594B2AC82901007437F4 /* Design.swift */; };
		D1BA59502AC82B4C007437F4 /* Localizable.strings in Resources */ = {isa = PBXBuildFile; fileRef = D1BA59522AC82B4C007437F4 /* Localizable.strings */; };
		D1BA59572AC82D08007437F4 /* StringForLocalization.swift in Sources */ = {isa = PBXBuildFile; fileRef = D1BA59562AC82D08007437F4 /* StringForLocalization.swift */; };
		D1BB7FAD2AD3D009001FFF1C /* PicCollectionViewCell.swift in Sources */ = {isa = PBXBuildFile; fileRef = D1BB7FAC2AD3D009001FFF1C /* PicCollectionViewCell.swift */; };
		D1BB7FAF2AD3D00F001FFF1C /* AddCollectionViewCell.swift in Sources */ = {isa = PBXBuildFile; fileRef = D1BB7FAE2AD3D00F001FFF1C /* AddCollectionViewCell.swift */; };
		D1BB7FB52AD46451001FFF1C /* AlertAddViewController.swift in Sources */ = {isa = PBXBuildFile; fileRef = D1BB7FB42AD46451001FFF1C /* AlertAddViewController.swift */; };
		D1BB7FB72AD465DE001FFF1C /* AlertCollectionViewCell.swift in Sources */ = {isa = PBXBuildFile; fileRef = D1BB7FB62AD465DE001FFF1C /* AlertCollectionViewCell.swift */; };
		D1BB7FB92AD467E9001FFF1C /* AlertSetting.swift in Sources */ = {isa = PBXBuildFile; fileRef = D1BB7FB82AD467E9001FFF1C /* AlertSetting.swift */; };
		D1BB7FBC2AD4683B001FFF1C /* DailyTodo.swift in Sources */ = {isa = PBXBuildFile; fileRef = D1BB7FBB2AD4683B001FFF1C /* DailyTodo.swift */; };
		D1BB7FBE2AD51ABF001FFF1C /* RecordTableRepository.swift in Sources */ = {isa = PBXBuildFile; fileRef = D1BB7FBD2AD51ABF001FFF1C /* RecordTableRepository.swift */; };
		D1BB7FC22AD51FC2001FFF1C /* RecordTable.swift in Sources */ = {isa = PBXBuildFile; fileRef = D1BB7FC12AD51FC2001FFF1C /* RecordTable.swift */; };
		D1BB7FC42AD52082001FFF1C /* MedicalRecordTable.swift in Sources */ = {isa = PBXBuildFile; fileRef = D1BB7FC32AD52082001FFF1C /* MedicalRecordTable.swift */; };
		D1BB7FC72AD5314F001FFF1C /* AbnormalSymptomsViewController.swift in Sources */ = {isa = PBXBuildFile; fileRef = D1BB7FC62AD5314F001FFF1C /* AbnormalSymptomsViewController.swift */; };
		D1BB7FC92AD531AC001FFF1C /* VaccineViewController.swift in Sources */ = {isa = PBXBuildFile; fileRef = D1BB7FC82AD531AC001FFF1C /* VaccineViewController.swift */; };
		D1BB7FCB2AD53F3C001FFF1C /* ChoosePetCollectionViewCell.swift in Sources */ = {isa = PBXBuildFile; fileRef = D1BB7FCA2AD53F3C001FFF1C /* ChoosePetCollectionViewCell.swift */; };
		D1BB7FCD2AD544CA001FFF1C /* RecordType.swift in Sources */ = {isa = PBXBuildFile; fileRef = D1BB7FCC2AD544CA001FFF1C /* RecordType.swift */; };
		D1BB7FCF2AD55BF2001FFF1C /* WithViewController.swift in Sources */ = {isa = PBXBuildFile; fileRef = D1BB7FCE2AD55BF2001FFF1C /* WithViewController.swift */; };
		D1BB7FD42AD679DF001FFF1C /* AbnormalSymptoms.swift in Sources */ = {isa = PBXBuildFile; fileRef = D1BB7FD32AD679DF001FFF1C /* AbnormalSymptoms.swift */; };
		D1BB7FDB2AD68DB8001FFF1C /* AbnormalSymptomsTableViewCell.swift in Sources */ = {isa = PBXBuildFile; fileRef = D1BB7FDA2AD68DB8001FFF1C /* AbnormalSymptomsTableViewCell.swift */; };
		D1BB7FDE2AD68F65001FFF1C /* SnapKit in Frameworks */ = {isa = PBXBuildFile; productRef = D1BB7FDD2AD68F65001FFF1C /* SnapKit */; };
		D1BB7FE12AD68F74001FFF1C /* Realm in Frameworks */ = {isa = PBXBuildFile; productRef = D1BB7FE02AD68F74001FFF1C /* Realm */; };
		D1BB7FE32AD68F74001FFF1C /* RealmSwift in Frameworks */ = {isa = PBXBuildFile; productRef = D1BB7FE22AD68F74001FFF1C /* RealmSwift */; };
		D1BB7FE72AD693A1001FFF1C /* M13Checkbox in Frameworks */ = {isa = PBXBuildFile; productRef = D1BB7FE62AD693A1001FFF1C /* M13Checkbox */; };
		D1BB7FE92AD6B581001FFF1C /* TextViewBuilder.swift in Sources */ = {isa = PBXBuildFile; fileRef = D1BB7FE82AD6B581001FFF1C /* TextViewBuilder.swift */; };
		D1BB7FFF2AD7FC36001FFF1C /* DiaryDelegateProtocol.swift in Sources */ = {isa = PBXBuildFile; fileRef = D1BB7FFE2AD7FC36001FFF1C /* DiaryDelegateProtocol.swift */; };
		D1BB80012AD85694001FFF1C /* UnderlineSegmentedControl.swift in Sources */ = {isa = PBXBuildFile; fileRef = D1BB80002AD85694001FFF1C /* UnderlineSegmentedControl.swift */; };
		D1BB80032AD85A43001FFF1C /* PooPeeViewController.swift in Sources */ = {isa = PBXBuildFile; fileRef = D1BB80022AD85A43001FFF1C /* PooPeeViewController.swift */; };
		D1BB80052AD85ACB001FFF1C /* PeeViewController.swift in Sources */ = {isa = PBXBuildFile; fileRef = D1BB80042AD85ACB001FFF1C /* PeeViewController.swift */; };
		D1BB80072AD86711001FFF1C /* PooPeeCollectionViewCell.swift in Sources */ = {isa = PBXBuildFile; fileRef = D1BB80062AD86711001FFF1C /* PooPeeCollectionViewCell.swift */; };
		D1BB800A2AD93994001FFF1C /* AdditionalInfoViewController.swift in Sources */ = {isa = PBXBuildFile; fileRef = D1BB80092AD93994001FFF1C /* AdditionalInfoViewController.swift */; };
		D1BB800C2ADA640D001FFF1C /* AdditionalInfoViewController+.swift in Sources */ = {isa = PBXBuildFile; fileRef = D1BB800B2ADA640D001FFF1C /* AdditionalInfoViewController+.swift */; };
		D1BB80122ADA6C75001FFF1C /* Pee.swift in Sources */ = {isa = PBXBuildFile; fileRef = D1BB80112ADA6C75001FFF1C /* Pee.swift */; };
		D1BB80142ADA6C79001FFF1C /* Poo.swift in Sources */ = {isa = PBXBuildFile; fileRef = D1BB80132ADA6C79001FFF1C /* Poo.swift */; };
		D1BB80162ADA7123001FFF1C /* CheckRecord.swift in Sources */ = {isa = PBXBuildFile; fileRef = D1BB80152ADA7123001FFF1C /* CheckRecord.swift */; };
		D1BB80182ADA714C001FFF1C /* CheckProtocol.swift in Sources */ = {isa = PBXBuildFile; fileRef = D1BB80172ADA714C001FFF1C /* CheckProtocol.swift */; };
		D1F08BC12AE7C1D1007E793C /* UIImage+.swift in Sources */ = {isa = PBXBuildFile; fileRef = D1F08BC02AE7C1D1007E793C /* UIImage+.swift */; };
		D1F08BCE2AE7D747007E793C /* SCDream3.otf in Resources */ = {isa = PBXBuildFile; fileRef = D1F08BC42AE7D747007E793C /* SCDream3.otf */; };
		D1F08BD02AE7D747007E793C /* SCDream6.otf in Resources */ = {isa = PBXBuildFile; fileRef = D1F08BC62AE7D747007E793C /* SCDream6.otf */; };
		D1F08BD12AE7D747007E793C /* SCDream7.otf in Resources */ = {isa = PBXBuildFile; fileRef = D1F08BC72AE7D747007E793C /* SCDream7.otf */; };
		D1F08BD22AE7D747007E793C /* SCDream5.otf in Resources */ = {isa = PBXBuildFile; fileRef = D1F08BC82AE7D747007E793C /* SCDream5.otf */; };
		D1F08BD32AE7D747007E793C /* SCDream4.otf in Resources */ = {isa = PBXBuildFile; fileRef = D1F08BC92AE7D747007E793C /* SCDream4.otf */; };
		D1F08BD82AE7D94D007E793C /* LeeSeoyun.otf in Resources */ = {isa = PBXBuildFile; fileRef = D1F08BD72AE7D94D007E793C /* LeeSeoyun.otf */; };
		D1F08BDC2AE7F41F007E793C /* InfoPlist.strings in Resources */ = {isa = PBXBuildFile; fileRef = D1F08BDE2AE7F41F007E793C /* InfoPlist.strings */; };
		D1F08BE62AE824BE007E793C /* SplashViewController.swift in Sources */ = {isa = PBXBuildFile; fileRef = D1F08BE52AE824BE007E793C /* SplashViewController.swift */; };
		D1F08BEA2AE82E13007E793C /* ChangwonDangam.otf in Resources */ = {isa = PBXBuildFile; fileRef = D1F08BE92AE82E13007E793C /* ChangwonDangam.otf */; };
		D1F08BEC2AE83E31007E793C /* LaunchViewController.swift in Sources */ = {isa = PBXBuildFile; fileRef = D1F08BEB2AE83E31007E793C /* LaunchViewController.swift */; };
		D1F08BF92AE91058007E793C /* LaunchScreen.storyboard in Resources */ = {isa = PBXBuildFile; fileRef = D1F08BF82AE91058007E793C /* LaunchScreen.storyboard */; };
		D1F08BFF2AE91746007E793C /* Doggo_1.png in Resources */ = {isa = PBXBuildFile; fileRef = D1F08BFC2AE91746007E793C /* Doggo_1.png */; };
		D1F08C002AE91746007E793C /* Doggo_2.png in Resources */ = {isa = PBXBuildFile; fileRef = D1F08BFD2AE91746007E793C /* Doggo_2.png */; };
		D1F08C012AE91746007E793C /* Doggo_3.png in Resources */ = {isa = PBXBuildFile; fileRef = D1F08BFE2AE91746007E793C /* Doggo_3.png */; };
		D1F08C1E2AEA82B1007E793C /* SymptomsViewModel.swift in Sources */ = {isa = PBXBuildFile; fileRef = D1F08C1D2AEA82B1007E793C /* SymptomsViewModel.swift */; };
/* End PBXBuildFile section */

/* Begin PBXFileReference section */
		D12B91ED2B020777006451FE /* GoogleService-Info.plist */ = {isa = PBXFileReference; fileEncoding = 4; lastKnownFileType = text.plist.xml; name = "GoogleService-Info.plist"; path = "../../../../../Downloads/GoogleService-Info.plist"; sourceTree = "<group>"; };
		D12B91EF2B020B3A006451FE /* Orang.entitlements */ = {isa = PBXFileReference; lastKnownFileType = text.plist.entitlements; path = Orang.entitlements; sourceTree = "<group>"; };
		D1370A5B2ADC017900FCBD67 /* AdditionalMemoViewController.swift */ = {isa = PBXFileReference; lastKnownFileType = sourcecode.swift; path = AdditionalMemoViewController.swift; sourceTree = "<group>"; };
		D1370A5D2ADC103300FCBD67 /* VaccineSelectViewController.swift */ = {isa = PBXFileReference; lastKnownFileType = sourcecode.swift; path = VaccineSelectViewController.swift; sourceTree = "<group>"; };
		D1370A652ADD156100FCBD67 /* VaccineCategoryCollectionViewCell.swift */ = {isa = PBXFileReference; lastKnownFileType = sourcecode.swift; path = VaccineCategoryCollectionViewCell.swift; sourceTree = "<group>"; };
		D1370A672ADD156A00FCBD67 /* VaccineAddCollectionViewCell.swift */ = {isa = PBXFileReference; lastKnownFileType = sourcecode.swift; path = VaccineAddCollectionViewCell.swift; sourceTree = "<group>"; };
		D1370A6C2ADE5C3800FCBD67 /* moveToFirstScene.swift */ = {isa = PBXFileReference; lastKnownFileType = sourcecode.swift; path = moveToFirstScene.swift; sourceTree = "<group>"; };
		D1370A6E2ADE600700FCBD67 /* MedicalRecordType.swift */ = {isa = PBXFileReference; lastKnownFileType = sourcecode.swift; path = MedicalRecordType.swift; sourceTree = "<group>"; };
		D1370A752ADE7E2A00FCBD67 /* TotalViewController.swift */ = {isa = PBXFileReference; lastKnownFileType = sourcecode.swift; path = TotalViewController.swift; sourceTree = "<group>"; };
		D1370A7E2AE1306B00FCBD67 /* CalendarView.swift */ = {isa = PBXFileReference; lastKnownFileType = sourcecode.swift; path = CalendarView.swift; sourceTree = "<group>"; };
		D1370A802AE130E500FCBD67 /* BaseView.swift */ = {isa = PBXFileReference; lastKnownFileType = sourcecode.swift; path = BaseView.swift; sourceTree = "<group>"; };
		D1370A842AE1537400FCBD67 /* DailyRecordCollectionViewCell.swift */ = {isa = PBXFileReference; lastKnownFileType = sourcecode.swift; path = DailyRecordCollectionViewCell.swift; sourceTree = "<group>"; };
		D1370A862AE15DB300FCBD67 /* DiaryTableViewCell.swift */ = {isa = PBXFileReference; lastKnownFileType = sourcecode.swift; path = DiaryTableViewCell.swift; sourceTree = "<group>"; };
		D1370A892AE15EFC00FCBD67 /* DiaryView.swift */ = {isa = PBXFileReference; lastKnownFileType = sourcecode.swift; path = DiaryView.swift; sourceTree = "<group>"; };
		D1370A8B2AE1889000FCBD67 /* DailyView.swift */ = {isa = PBXFileReference; lastKnownFileType = sourcecode.swift; path = DailyView.swift; sourceTree = "<group>"; };
		D1370A8D2AE188AB00FCBD67 /* MedicalView.swift */ = {isa = PBXFileReference; lastKnownFileType = sourcecode.swift; path = MedicalView.swift; sourceTree = "<group>"; };
		D1370A932AE25F8B00FCBD67 /* SettingViewController.swift */ = {isa = PBXFileReference; lastKnownFileType = sourcecode.swift; path = SettingViewController.swift; sourceTree = "<group>"; };
		D1370A972AE2707100FCBD67 /* EmptyView.swift */ = {isa = PBXFileReference; lastKnownFileType = sourcecode.swift; path = EmptyView.swift; sourceTree = "<group>"; };
		D1370A992AE2761900FCBD67 /* DailyTempTableViewCell.swift */ = {isa = PBXFileReference; lastKnownFileType = sourcecode.swift; path = DailyTempTableViewCell.swift; sourceTree = "<group>"; };
		D1370A9B2AE40F2F00FCBD67 /* String+.swift */ = {isa = PBXFileReference; lastKnownFileType = sourcecode.swift; path = "String+.swift"; sourceTree = "<group>"; };
		D1370A9D2AE57F8100FCBD67 /* Observable.swift */ = {isa = PBXFileReference; lastKnownFileType = sourcecode.swift; path = Observable.swift; sourceTree = "<group>"; };
		D1370AA02AE584E300FCBD67 /* DiaryViewModel.swift */ = {isa = PBXFileReference; lastKnownFileType = sourcecode.swift; path = DiaryViewModel.swift; sourceTree = "<group>"; };
		D1370AA22AE59FF100FCBD67 /* ProfileViewModel.swift */ = {isa = PBXFileReference; lastKnownFileType = sourcecode.swift; path = ProfileViewModel.swift; sourceTree = "<group>"; };
		D1370AA42AE5AF8600FCBD67 /* Record.swift */ = {isa = PBXFileReference; lastKnownFileType = sourcecode.swift; path = Record.swift; sourceTree = "<group>"; };
		D1370AA62AE5B0E400FCBD67 /* MedicalRecord.swift */ = {isa = PBXFileReference; lastKnownFileType = sourcecode.swift; path = MedicalRecord.swift; sourceTree = "<group>"; };
		D1370AA82AE5B5B700FCBD67 /* Pet.swift */ = {isa = PBXFileReference; lastKnownFileType = sourcecode.swift; path = Pet.swift; sourceTree = "<group>"; };
		D1370AAF2AE6541D00FCBD67 /* AddViewModel.swift */ = {isa = PBXFileReference; lastKnownFileType = sourcecode.swift; path = AddViewModel.swift; sourceTree = "<group>"; };
		D1370AB12AE6545400FCBD67 /* AddView.swift */ = {isa = PBXFileReference; lastKnownFileType = sourcecode.swift; path = AddView.swift; sourceTree = "<group>"; };
		D1370AB32AE6648400FCBD67 /* RecordView.swift */ = {isa = PBXFileReference; lastKnownFileType = sourcecode.swift; path = RecordView.swift; sourceTree = "<group>"; };
		D1370AB62AE6E25900FCBD67 /* TableView+.swift */ = {isa = PBXFileReference; lastKnownFileType = sourcecode.swift; path = "TableView+.swift"; sourceTree = "<group>"; };
		D18273092AD0F31200F4709B /* Date+.swift */ = {isa = PBXFileReference; lastKnownFileType = sourcecode.swift; path = "Date+.swift"; sourceTree = "<group>"; };
		D18273132AD2CEA200F4709B /* Unit.swift */ = {isa = PBXFileReference; lastKnownFileType = sourcecode.swift; path = Unit.swift; sourceTree = "<group>"; };
		D1B031582B7A710800737C59 /* BackupViewController.swift */ = {isa = PBXFileReference; lastKnownFileType = sourcecode.swift; path = BackupViewController.swift; sourceTree = "<group>"; };
		D1B0315B2B7A715C00737C59 /* WVViewController.swift */ = {isa = PBXFileReference; lastKnownFileType = sourcecode.swift; path = WVViewController.swift; sourceTree = "<group>"; };
		D1B52EC12AC9931F00477A14 /* ButtonBuilder.swift */ = {isa = PBXFileReference; lastKnownFileType = sourcecode.swift; path = ButtonBuilder.swift; sourceTree = "<group>"; };
		D1B52EC32ACAA53D00477A14 /* UnderlineTextFieldBuilder.swift */ = {isa = PBXFileReference; lastKnownFileType = sourcecode.swift; path = UnderlineTextFieldBuilder.swift; sourceTree = "<group>"; };
		D1B52EC52ACAE1D000477A14 /* PetTableRepository.swift */ = {isa = PBXFileReference; lastKnownFileType = sourcecode.swift; path = PetTableRepository.swift; sourceTree = "<group>"; };
		D1B52EC82ACAFC3700477A14 /* ImageManager.swift */ = {isa = PBXFileReference; lastKnownFileType = sourcecode.swift; path = ImageManager.swift; sourceTree = "<group>"; };
		D1B52ED02ACBED4900477A14 /* RecordViewController.swift */ = {isa = PBXFileReference; lastKnownFileType = sourcecode.swift; path = RecordViewController.swift; sourceTree = "<group>"; };
		D1B52ED22ACBEE3B00477A14 /* AlertViewController.swift */ = {isa = PBXFileReference; lastKnownFileType = sourcecode.swift; path = AlertViewController.swift; sourceTree = "<group>"; };
		D1B52EFD2ACDC48E00477A14 /* ViewController+.swift */ = {isa = PBXFileReference; lastKnownFileType = sourcecode.swift; path = "ViewController+.swift"; sourceTree = "<group>"; };
		D1B52EFF2ACE79CF00477A14 /* BaseCollectionViewCell.swift */ = {isa = PBXFileReference; lastKnownFileType = sourcecode.swift; path = BaseCollectionViewCell.swift; sourceTree = "<group>"; };
		D1B52F082ACFEFC100477A14 /* MedicalHistoryViewController.swift */ = {isa = PBXFileReference; lastKnownFileType = sourcecode.swift; path = MedicalHistoryViewController.swift; sourceTree = "<group>"; };
		D1B52F0B2ACFF0FB00477A14 /* DiaryViewController.swift */ = {isa = PBXFileReference; lastKnownFileType = sourcecode.swift; path = DiaryViewController.swift; sourceTree = "<group>"; };
		D1B52F0D2AD002A800477A14 /* WeightRecordViewController.swift */ = {isa = PBXFileReference; lastKnownFileType = sourcecode.swift; path = WeightRecordViewController.swift; sourceTree = "<group>"; };
		D1B52F0F2AD01F8400477A14 /* FeedViewController.swift */ = {isa = PBXFileReference; lastKnownFileType = sourcecode.swift; path = FeedViewController.swift; sourceTree = "<group>"; };
		D1B52F122AD0299600477A14 /* PooViewController.swift */ = {isa = PBXFileReference; lastKnownFileType = sourcecode.swift; path = PooViewController.swift; sourceTree = "<group>"; };
		D1B52F142AD033BC00477A14 /* AddViewController+.swift */ = {isa = PBXFileReference; lastKnownFileType = sourcecode.swift; path = "AddViewController+.swift"; sourceTree = "<group>"; };
		D1B52F162AD0383A00477A14 /* Species.swift */ = {isa = PBXFileReference; lastKnownFileType = sourcecode.swift; path = Species.swift; sourceTree = "<group>"; };
		D1BA58FC2AC330E9007437F4 /* Orang.app */ = {isa = PBXFileReference; explicitFileType = wrapper.application; includeInIndex = 0; path = Orang.app; sourceTree = BUILT_PRODUCTS_DIR; };
		D1BA58FF2AC330E9007437F4 /* AppDelegate.swift */ = {isa = PBXFileReference; lastKnownFileType = sourcecode.swift; path = AppDelegate.swift; sourceTree = "<group>"; };
		D1BA59012AC330E9007437F4 /* SceneDelegate.swift */ = {isa = PBXFileReference; lastKnownFileType = sourcecode.swift; path = SceneDelegate.swift; sourceTree = "<group>"; };
		D1BA59032AC330E9007437F4 /* ProfileViewController.swift */ = {isa = PBXFileReference; lastKnownFileType = sourcecode.swift; path = ProfileViewController.swift; sourceTree = "<group>"; };
		D1BA59082AC330EA007437F4 /* Assets.xcassets */ = {isa = PBXFileReference; lastKnownFileType = folder.assetcatalog; path = Assets.xcassets; sourceTree = "<group>"; };
		D1BA590D2AC330EA007437F4 /* Info.plist */ = {isa = PBXFileReference; lastKnownFileType = text.plist.xml; path = Info.plist; sourceTree = "<group>"; };
		D1BA59262AC3329C007437F4 /* BaseViewController.swift */ = {isa = PBXFileReference; lastKnownFileType = sourcecode.swift; path = BaseViewController.swift; sourceTree = "<group>"; };
		D1BA592A2AC332C5007437F4 /* BaseTableViewCell.swift */ = {isa = PBXFileReference; lastKnownFileType = sourcecode.swift; path = BaseTableViewCell.swift; sourceTree = "<group>"; };
		D1BA592D2AC334E3007437F4 /* reusableViewProtocol.swift */ = {isa = PBXFileReference; lastKnownFileType = sourcecode.swift; path = reusableViewProtocol.swift; sourceTree = "<group>"; };
		D1BA59312AC3F1FF007437F4 /* ProfileCollectionViewCell.swift */ = {isa = PBXFileReference; lastKnownFileType = sourcecode.swift; path = ProfileCollectionViewCell.swift; sourceTree = "<group>"; };
		D1BA59342AC6B887007437F4 /* LabelBuilder.swift */ = {isa = PBXFileReference; lastKnownFileType = sourcecode.swift; path = LabelBuilder.swift; sourceTree = "<group>"; };
		D1BA59362AC6B898007437F4 /* ViewAppearance.swift */ = {isa = PBXFileReference; lastKnownFileType = sourcecode.swift; path = ViewAppearance.swift; sourceTree = "<group>"; };
		D1BA593D2AC6FC2F007437F4 /* StackViewBuilder.swift */ = {isa = PBXFileReference; lastKnownFileType = sourcecode.swift; path = StackViewBuilder.swift; sourceTree = "<group>"; };
		D1BA593F2AC71147007437F4 /* ImageViewBuilder.swift */ = {isa = PBXFileReference; lastKnownFileType = sourcecode.swift; path = ImageViewBuilder.swift; sourceTree = "<group>"; };
		D1BA59422AC7364D007437F4 /* PetTable.swift */ = {isa = PBXFileReference; lastKnownFileType = sourcecode.swift; path = PetTable.swift; sourceTree = "<group>"; };
		D1BA59462AC73CEB007437F4 /* AddViewController.swift */ = {isa = PBXFileReference; lastKnownFileType = sourcecode.swift; path = AddViewController.swift; sourceTree = "<group>"; };
		D1BA594B2AC82901007437F4 /* Design.swift */ = {isa = PBXFileReference; lastKnownFileType = sourcecode.swift; path = Design.swift; sourceTree = "<group>"; };
		D1BA59512AC82B4C007437F4 /* en */ = {isa = PBXFileReference; lastKnownFileType = text.plist.strings; name = en; path = en.lproj/Localizable.strings; sourceTree = "<group>"; };
		D1BA59542AC82BD3007437F4 /* ko */ = {isa = PBXFileReference; lastKnownFileType = text.plist.strings; name = ko; path = ko.lproj/Localizable.strings; sourceTree = "<group>"; };
		D1BA59562AC82D08007437F4 /* StringForLocalization.swift */ = {isa = PBXFileReference; lastKnownFileType = sourcecode.swift; path = StringForLocalization.swift; sourceTree = "<group>"; };
		D1BB7FAC2AD3D009001FFF1C /* PicCollectionViewCell.swift */ = {isa = PBXFileReference; lastKnownFileType = sourcecode.swift; path = PicCollectionViewCell.swift; sourceTree = "<group>"; };
		D1BB7FAE2AD3D00F001FFF1C /* AddCollectionViewCell.swift */ = {isa = PBXFileReference; lastKnownFileType = sourcecode.swift; path = AddCollectionViewCell.swift; sourceTree = "<group>"; };
		D1BB7FB42AD46451001FFF1C /* AlertAddViewController.swift */ = {isa = PBXFileReference; lastKnownFileType = sourcecode.swift; path = AlertAddViewController.swift; sourceTree = "<group>"; };
		D1BB7FB62AD465DE001FFF1C /* AlertCollectionViewCell.swift */ = {isa = PBXFileReference; lastKnownFileType = sourcecode.swift; path = AlertCollectionViewCell.swift; sourceTree = "<group>"; };
		D1BB7FB82AD467E9001FFF1C /* AlertSetting.swift */ = {isa = PBXFileReference; lastKnownFileType = sourcecode.swift; path = AlertSetting.swift; sourceTree = "<group>"; };
		D1BB7FBB2AD4683B001FFF1C /* DailyTodo.swift */ = {isa = PBXFileReference; lastKnownFileType = sourcecode.swift; path = DailyTodo.swift; sourceTree = "<group>"; };
		D1BB7FBD2AD51ABF001FFF1C /* RecordTableRepository.swift */ = {isa = PBXFileReference; lastKnownFileType = sourcecode.swift; path = RecordTableRepository.swift; sourceTree = "<group>"; };
		D1BB7FC12AD51FC2001FFF1C /* RecordTable.swift */ = {isa = PBXFileReference; lastKnownFileType = sourcecode.swift; path = RecordTable.swift; sourceTree = "<group>"; };
		D1BB7FC32AD52082001FFF1C /* MedicalRecordTable.swift */ = {isa = PBXFileReference; lastKnownFileType = sourcecode.swift; path = MedicalRecordTable.swift; sourceTree = "<group>"; };
		D1BB7FC62AD5314F001FFF1C /* AbnormalSymptomsViewController.swift */ = {isa = PBXFileReference; lastKnownFileType = sourcecode.swift; path = AbnormalSymptomsViewController.swift; sourceTree = "<group>"; };
		D1BB7FC82AD531AC001FFF1C /* VaccineViewController.swift */ = {isa = PBXFileReference; lastKnownFileType = sourcecode.swift; path = VaccineViewController.swift; sourceTree = "<group>"; };
		D1BB7FCA2AD53F3C001FFF1C /* ChoosePetCollectionViewCell.swift */ = {isa = PBXFileReference; lastKnownFileType = sourcecode.swift; path = ChoosePetCollectionViewCell.swift; sourceTree = "<group>"; };
		D1BB7FCC2AD544CA001FFF1C /* RecordType.swift */ = {isa = PBXFileReference; lastKnownFileType = sourcecode.swift; path = RecordType.swift; sourceTree = "<group>"; };
		D1BB7FCE2AD55BF2001FFF1C /* WithViewController.swift */ = {isa = PBXFileReference; lastKnownFileType = sourcecode.swift; path = WithViewController.swift; sourceTree = "<group>"; };
		D1BB7FD32AD679DF001FFF1C /* AbnormalSymptoms.swift */ = {isa = PBXFileReference; lastKnownFileType = sourcecode.swift; path = AbnormalSymptoms.swift; sourceTree = "<group>"; };
		D1BB7FDA2AD68DB8001FFF1C /* AbnormalSymptomsTableViewCell.swift */ = {isa = PBXFileReference; lastKnownFileType = sourcecode.swift; path = AbnormalSymptomsTableViewCell.swift; sourceTree = "<group>"; };
		D1BB7FE82AD6B581001FFF1C /* TextViewBuilder.swift */ = {isa = PBXFileReference; lastKnownFileType = sourcecode.swift; path = TextViewBuilder.swift; sourceTree = "<group>"; };
		D1BB7FFE2AD7FC36001FFF1C /* DiaryDelegateProtocol.swift */ = {isa = PBXFileReference; lastKnownFileType = sourcecode.swift; path = DiaryDelegateProtocol.swift; sourceTree = "<group>"; };
		D1BB80002AD85694001FFF1C /* UnderlineSegmentedControl.swift */ = {isa = PBXFileReference; lastKnownFileType = sourcecode.swift; path = UnderlineSegmentedControl.swift; sourceTree = "<group>"; };
		D1BB80022AD85A43001FFF1C /* PooPeeViewController.swift */ = {isa = PBXFileReference; lastKnownFileType = sourcecode.swift; path = PooPeeViewController.swift; sourceTree = "<group>"; };
		D1BB80042AD85ACB001FFF1C /* PeeViewController.swift */ = {isa = PBXFileReference; lastKnownFileType = sourcecode.swift; path = PeeViewController.swift; sourceTree = "<group>"; };
		D1BB80062AD86711001FFF1C /* PooPeeCollectionViewCell.swift */ = {isa = PBXFileReference; lastKnownFileType = sourcecode.swift; path = PooPeeCollectionViewCell.swift; sourceTree = "<group>"; };
		D1BB80092AD93994001FFF1C /* AdditionalInfoViewController.swift */ = {isa = PBXFileReference; lastKnownFileType = sourcecode.swift; path = AdditionalInfoViewController.swift; sourceTree = "<group>"; };
		D1BB800B2ADA640D001FFF1C /* AdditionalInfoViewController+.swift */ = {isa = PBXFileReference; lastKnownFileType = sourcecode.swift; path = "AdditionalInfoViewController+.swift"; sourceTree = "<group>"; };
		D1BB80112ADA6C75001FFF1C /* Pee.swift */ = {isa = PBXFileReference; lastKnownFileType = sourcecode.swift; path = Pee.swift; sourceTree = "<group>"; };
		D1BB80132ADA6C79001FFF1C /* Poo.swift */ = {isa = PBXFileReference; lastKnownFileType = sourcecode.swift; path = Poo.swift; sourceTree = "<group>"; };
		D1BB80152ADA7123001FFF1C /* CheckRecord.swift */ = {isa = PBXFileReference; lastKnownFileType = sourcecode.swift; path = CheckRecord.swift; sourceTree = "<group>"; };
		D1BB80172ADA714C001FFF1C /* CheckProtocol.swift */ = {isa = PBXFileReference; lastKnownFileType = sourcecode.swift; path = CheckProtocol.swift; sourceTree = "<group>"; };
		D1F08BC02AE7C1D1007E793C /* UIImage+.swift */ = {isa = PBXFileReference; lastKnownFileType = sourcecode.swift; path = "UIImage+.swift"; sourceTree = "<group>"; };
		D1F08BC42AE7D747007E793C /* SCDream3.otf */ = {isa = PBXFileReference; lastKnownFileType = file; path = SCDream3.otf; sourceTree = "<group>"; };
		D1F08BC62AE7D747007E793C /* SCDream6.otf */ = {isa = PBXFileReference; lastKnownFileType = file; path = SCDream6.otf; sourceTree = "<group>"; };
		D1F08BC72AE7D747007E793C /* SCDream7.otf */ = {isa = PBXFileReference; lastKnownFileType = file; path = SCDream7.otf; sourceTree = "<group>"; };
		D1F08BC82AE7D747007E793C /* SCDream5.otf */ = {isa = PBXFileReference; lastKnownFileType = file; path = SCDream5.otf; sourceTree = "<group>"; };
		D1F08BC92AE7D747007E793C /* SCDream4.otf */ = {isa = PBXFileReference; lastKnownFileType = file; path = SCDream4.otf; sourceTree = "<group>"; };
		D1F08BD72AE7D94D007E793C /* LeeSeoyun.otf */ = {isa = PBXFileReference; lastKnownFileType = file; path = LeeSeoyun.otf; sourceTree = "<group>"; };
		D1F08BDD2AE7F41F007E793C /* en */ = {isa = PBXFileReference; lastKnownFileType = text.plist.strings; name = en; path = en.lproj/InfoPlist.strings; sourceTree = "<group>"; };
		D1F08BDF2AE7F420007E793C /* ko */ = {isa = PBXFileReference; lastKnownFileType = text.plist.strings; name = ko; path = ko.lproj/InfoPlist.strings; sourceTree = "<group>"; };
		D1F08BE52AE824BE007E793C /* SplashViewController.swift */ = {isa = PBXFileReference; lastKnownFileType = sourcecode.swift; path = SplashViewController.swift; sourceTree = "<group>"; };
		D1F08BE92AE82E13007E793C /* ChangwonDangam.otf */ = {isa = PBXFileReference; lastKnownFileType = file; path = ChangwonDangam.otf; sourceTree = "<group>"; };
		D1F08BEB2AE83E31007E793C /* LaunchViewController.swift */ = {isa = PBXFileReference; lastKnownFileType = sourcecode.swift; path = LaunchViewController.swift; sourceTree = "<group>"; };
		D1F08BF82AE91058007E793C /* LaunchScreen.storyboard */ = {isa = PBXFileReference; lastKnownFileType = file.storyboard; path = LaunchScreen.storyboard; sourceTree = "<group>"; };
		D1F08BFC2AE91746007E793C /* Doggo_1.png */ = {isa = PBXFileReference; lastKnownFileType = image.png; path = Doggo_1.png; sourceTree = "<group>"; };
		D1F08BFD2AE91746007E793C /* Doggo_2.png */ = {isa = PBXFileReference; lastKnownFileType = image.png; path = Doggo_2.png; sourceTree = "<group>"; };
		D1F08BFE2AE91746007E793C /* Doggo_3.png */ = {isa = PBXFileReference; lastKnownFileType = image.png; path = Doggo_3.png; sourceTree = "<group>"; };
		D1F08C1D2AEA82B1007E793C /* SymptomsViewModel.swift */ = {isa = PBXFileReference; lastKnownFileType = sourcecode.swift; path = SymptomsViewModel.swift; sourceTree = "<group>"; };
/* End PBXFileReference section */

/* Begin PBXFrameworksBuildPhase section */
		D1BA58F92AC330E9007437F4 /* Frameworks */ = {
			isa = PBXFrameworksBuildPhase;
			buildActionMask = 2147483647;
			files = (
				D1370A7D2AE041DE00FCBD67 /* Toast in Frameworks */,
				D1BB7FE72AD693A1001FFF1C /* M13Checkbox in Frameworks */,
				D12B91CB2B00F953006451FE /* FirebaseMessaging in Frameworks */,
				D1BB7FE32AD68F74001FFF1C /* RealmSwift in Frameworks */,
				D18273102AD26F5900F4709B /* FSCalendar in Frameworks */,
				D1BB7FDE2AD68F65001FFF1C /* SnapKit in Frameworks */,
				D1B52EC02AC9918000477A14 /* IQKeyboardManagerSwift in Frameworks */,
				D12B91C92B00F953006451FE /* FirebaseCrashlytics in Frameworks */,
				D1BB7FE12AD68F74001FFF1C /* Realm in Frameworks */,
				D12B91C72B00F953006451FE /* FirebaseAnalyticsWithoutAdIdSupport in Frameworks */,
			);
			runOnlyForDeploymentPostprocessing = 0;
		};
/* End PBXFrameworksBuildPhase section */

/* Begin PBXGroup section */
		D12B91C22AFF95E0006451FE /* LaunchVC */ = {
			isa = PBXGroup;
			children = (
				D1F08BE52AE824BE007E793C /* SplashViewController.swift */,
				D1F08BEB2AE83E31007E793C /* LaunchViewController.swift */,
			);
			path = LaunchVC;
			sourceTree = "<group>";
		};
		D1370A5F2ADC556400FCBD67 /* VaccineType */ = {
			isa = PBXGroup;
			children = (
				D1370A5D2ADC103300FCBD67 /* VaccineSelectViewController.swift */,
			);
			path = VaccineType;
			sourceTree = "<group>";
		};
		D1370A622ADC557E00FCBD67 /* Memo */ = {
			isa = PBXGroup;
			children = (
				D1370A5B2ADC017900FCBD67 /* AdditionalMemoViewController.swift */,
			);
			path = Memo;
			sourceTree = "<group>";
		};
		D1370A632ADC55AA00FCBD67 /* Vaccine */ = {
			isa = PBXGroup;
			children = (
				D1BB7FC82AD531AC001FFF1C /* VaccineViewController.swift */,
				D1370A5F2ADC556400FCBD67 /* VaccineType */,
				D1370A692ADD43B400FCBD67 /* TypeCell */,
			);
			path = Vaccine;
			sourceTree = "<group>";
		};
		D1370A642ADC55B300FCBD67 /* MedicalHistory */ = {
			isa = PBXGroup;
			children = (
				D1B52F082ACFEFC100477A14 /* MedicalHistoryViewController.swift */,
			);
			path = MedicalHistory;
			sourceTree = "<group>";
		};
		D1370A692ADD43B400FCBD67 /* TypeCell */ = {
			isa = PBXGroup;
			children = (
				D1370A652ADD156100FCBD67 /* VaccineCategoryCollectionViewCell.swift */,
				D1370A672ADD156A00FCBD67 /* VaccineAddCollectionViewCell.swift */,
			);
			path = TypeCell;
			sourceTree = "<group>";
		};
		D1370A702ADE608200FCBD67 /* Repository */ = {
			isa = PBXGroup;
			children = (
				D1B52EC52ACAE1D000477A14 /* PetTableRepository.swift */,
				D1BB7FBD2AD51ABF001FFF1C /* RecordTableRepository.swift */,
			);
			path = Repository;
			sourceTree = "<group>";
		};
		D1370A712ADE608D00FCBD67 /* Table */ = {
			isa = PBXGroup;
			children = (
				D1370A722ADE609100FCBD67 /* Pet */,
				D1370A732ADE609500FCBD67 /* Record */,
			);
			path = Table;
			sourceTree = "<group>";
		};
		D1370A722ADE609100FCBD67 /* Pet */ = {
			isa = PBXGroup;
			children = (
				D1BA59422AC7364D007437F4 /* PetTable.swift */,
			);
			path = Pet;
			sourceTree = "<group>";
		};
		D1370A732ADE609500FCBD67 /* Record */ = {
			isa = PBXGroup;
			children = (
				D1BB7FC12AD51FC2001FFF1C /* RecordTable.swift */,
				D1BB7FC32AD52082001FFF1C /* MedicalRecordTable.swift */,
			);
			path = Record;
			sourceTree = "<group>";
		};
		D1370A742ADE7B0900FCBD67 /* Total */ = {
			isa = PBXGroup;
			children = (
				D1370A752ADE7E2A00FCBD67 /* TotalViewController.swift */,
				D1370A8F2AE18CEC00FCBD67 /* View */,
				D1370A902AE18F8D00FCBD67 /* Cell */,
			);
			path = Total;
			sourceTree = "<group>";
		};
		D1370A8F2AE18CEC00FCBD67 /* View */ = {
			isa = PBXGroup;
			children = (
				D1370A7E2AE1306B00FCBD67 /* CalendarView.swift */,
				D1370A892AE15EFC00FCBD67 /* DiaryView.swift */,
				D1370A972AE2707100FCBD67 /* EmptyView.swift */,
				D1370A952AE26CA700FCBD67 /* tobecontinue... */,
			);
			path = View;
			sourceTree = "<group>";
		};
		D1370A902AE18F8D00FCBD67 /* Cell */ = {
			isa = PBXGroup;
			children = (
				D1370A862AE15DB300FCBD67 /* DiaryTableViewCell.swift */,
				D1370A992AE2761900FCBD67 /* DailyTempTableViewCell.swift */,
				D1370A962AE26CCC00FCBD67 /* Later */,
			);
			path = Cell;
			sourceTree = "<group>";
		};
		D1370A912AE25F1500FCBD67 /* ProfileViewCell */ = {
			isa = PBXGroup;
			children = (
				D1BA59312AC3F1FF007437F4 /* ProfileCollectionViewCell.swift */,
			);
			name = ProfileViewCell;
			sourceTree = "<group>";
		};
		D1370A922AE25F4200FCBD67 /* Setting */ = {
			isa = PBXGroup;
			children = (
				D1B0315A2B7A714900737C59 /* WebView */,
				D1B031572B7A70F800737C59 /* Backup */,
				D1370A932AE25F8B00FCBD67 /* SettingViewController.swift */,
			);
			name = Setting;
			sourceTree = "<group>";
		};
		D1370A952AE26CA700FCBD67 /* tobecontinue... */ = {
			isa = PBXGroup;
			children = (
				D1370A8B2AE1889000FCBD67 /* DailyView.swift */,
				D1370A8D2AE188AB00FCBD67 /* MedicalView.swift */,
			);
			path = tobecontinue...;
			sourceTree = "<group>";
		};
		D1370A962AE26CCC00FCBD67 /* Later */ = {
			isa = PBXGroup;
			children = (
				D1370A842AE1537400FCBD67 /* DailyRecordCollectionViewCell.swift */,
			);
			path = Later;
			sourceTree = "<group>";
		};
		D1370A9F2AE57F8A00FCBD67 /* Observable */ = {
			isa = PBXGroup;
			children = (
				D1370A9D2AE57F8100FCBD67 /* Observable.swift */,
			);
			path = Observable;
			sourceTree = "<group>";
		};
		D1370AB52AE6D7BA00FCBD67 /* TableData */ = {
			isa = PBXGroup;
			children = (
				D1370AA82AE5B5B700FCBD67 /* Pet.swift */,
				D1370AA42AE5AF8600FCBD67 /* Record.swift */,
				D1370AA62AE5B0E400FCBD67 /* MedicalRecord.swift */,
			);
			path = TableData;
			sourceTree = "<group>";
		};
		D18273082AD0950100F4709B /* Add */ = {
			isa = PBXGroup;
			children = (
				D1370AB12AE6545400FCBD67 /* AddView.swift */,
				D1370AAF2AE6541D00FCBD67 /* AddViewModel.swift */,
				D1BA59462AC73CEB007437F4 /* AddViewController.swift */,
				D1B52F142AD033BC00477A14 /* AddViewController+.swift */,
			);
			name = Add;
			sourceTree = "<group>";
		};
		D1B031572B7A70F800737C59 /* Backup */ = {
			isa = PBXGroup;
			children = (
				D1B031582B7A710800737C59 /* BackupViewController.swift */,
			);
			name = Backup;
			sourceTree = "<group>";
		};
		D1B0315A2B7A714900737C59 /* WebView */ = {
			isa = PBXGroup;
			children = (
				D1B0315B2B7A715C00737C59 /* WVViewController.swift */,
			);
			name = WebView;
			sourceTree = "<group>";
		};
		D1B52EC72ACAFC2100477A14 /* ImageManager */ = {
			isa = PBXGroup;
			children = (
				D1B52EC82ACAFC3700477A14 /* ImageManager.swift */,
			);
			path = ImageManager;
			sourceTree = "<group>";
		};
		D1B52ECA2ACBDC7000477A14 /* Extension */ = {
			isa = PBXGroup;
			children = (
				D1B52EFD2ACDC48E00477A14 /* ViewController+.swift */,
				D18273092AD0F31200F4709B /* Date+.swift */,
				D1370A9B2AE40F2F00FCBD67 /* String+.swift */,
				D1370AB62AE6E25900FCBD67 /* TableView+.swift */,
				D1F08BC02AE7C1D1007E793C /* UIImage+.swift */,
			);
			path = Extension;
			sourceTree = "<group>";
		};
		D1B52ECD2ACBE7FF00477A14 /* Application */ = {
			isa = PBXGroup;
			children = (
				D1BA58FF2AC330E9007437F4 /* AppDelegate.swift */,
				D1BA59012AC330E9007437F4 /* SceneDelegate.swift */,
				D12B91C22AFF95E0006451FE /* LaunchVC */,
			);
			path = Application;
			sourceTree = "<group>";
		};
		D1B52ECE2ACBED2400477A14 /* Record */ = {
			isa = PBXGroup;
			children = (
				D1370AB32AE6648400FCBD67 /* RecordView.swift */,
				D1B52ED02ACBED4900477A14 /* RecordViewController.swift */,
				D1BB7FD02AD570A3001FFF1C /* WithViewController */,
			);
			path = Record;
			sourceTree = "<group>";
		};
		D1B52ECF2ACBED3400477A14 /* Alert */ = {
			isa = PBXGroup;
			children = (
				D1B52ED22ACBEE3B00477A14 /* AlertViewController.swift */,
				D1BB7FB42AD46451001FFF1C /* AlertAddViewController.swift */,
				D1BB7FB62AD465DE001FFF1C /* AlertCollectionViewCell.swift */,
			);
			path = Alert;
			sourceTree = "<group>";
		};
		D1B52F052ACFEF8300477A14 /* Diary */ = {
			isa = PBXGroup;
			children = (
				D1B52F0B2ACFF0FB00477A14 /* DiaryViewController.swift */,
				D1370AA02AE584E300FCBD67 /* DiaryViewModel.swift */,
				D1BB7FFE2AD7FC36001FFF1C /* DiaryDelegateProtocol.swift */,
				D1BB7FB32AD45153001FFF1C /* PicCell */,
			);
			path = Diary;
			sourceTree = "<group>";
		};
		D1B52F062ACFEF9C00477A14 /* Record */ = {
			isa = PBXGroup;
			children = (
				D1BB80082AD93980001FFF1C /* AdditionalInfo */,
				D1BB7FD62AD68D8F001FFF1C /* Weight */,
				D1BB7FD72AD68D97001FFF1C /* Feed */,
				D1BB7FD82AD68D9B001FFF1C /* PooPee */,
				D1BB7FD92AD68DA6001FFF1C /* AbnormalSymptoms */,
			);
			path = Record;
			sourceTree = "<group>";
		};
		D1B52F072ACFEFAA00477A14 /* Medical */ = {
			isa = PBXGroup;
			children = (
				D1370A622ADC557E00FCBD67 /* Memo */,
				D1370A632ADC55AA00FCBD67 /* Vaccine */,
				D1370A642ADC55B300FCBD67 /* MedicalHistory */,
			);
			path = Medical;
			sourceTree = "<group>";
		};
		D1BA58F32AC330E9007437F4 = {
			isa = PBXGroup;
			children = (
				D1BA58FE2AC330E9007437F4 /* Orang */,
				D1BA58FD2AC330E9007437F4 /* Products */,
			);
			sourceTree = "<group>";
		};
		D1BA58FD2AC330E9007437F4 /* Products */ = {
			isa = PBXGroup;
			children = (
				D1BA58FC2AC330E9007437F4 /* Orang.app */,
			);
			name = Products;
			sourceTree = "<group>";
		};
		D1BA58FE2AC330E9007437F4 /* Orang */ = {
			isa = PBXGroup;
			children = (
				D12B91EF2B020B3A006451FE /* Orang.entitlements */,
				D1B52ECD2ACBE7FF00477A14 /* Application */,
				D1BA59212AC33249007437F4 /* Scene */,
				D1BA59222AC33256007437F4 /* Module */,
				D1BA594D2AC82ADC007437F4 /* Localization */,
				D1C67B792B6D0323009AD2A7 /* Resource */,
				D1F08BF82AE91058007E793C /* LaunchScreen.storyboard */,
				D1BA590D2AC330EA007437F4 /* Info.plist */,
				D12B91ED2B020777006451FE /* GoogleService-Info.plist */,
			);
			path = Orang;
			sourceTree = "<group>";
		};
		D1BA59212AC33249007437F4 /* Scene */ = {
			isa = PBXGroup;
			children = (
				D1BA59252AC33293007437F4 /* Base */,
				D1370A742ADE7B0900FCBD67 /* Total */,
				D1B52ECF2ACBED3400477A14 /* Alert */,
				D1B52ECE2ACBED2400477A14 /* Record */,
				D1BA592F2AC3EE40007437F4 /* Profile */,
			);
			path = Scene;
			sourceTree = "<group>";
		};
		D1BA59222AC33256007437F4 /* Module */ = {
			isa = PBXGroup;
			children = (
				D1B52ECA2ACBDC7000477A14 /* Extension */,
				D1BA594A2AC828F7007437F4 /* Design */,
				D1BA59302AC3EE4D007437F4 /* Data */,
				D1BA59412AC73614007437F4 /* Realm */,
				D1B52EC72ACAFC2100477A14 /* ImageManager */,
				D1BA593C2AC6F8F4007437F4 /* Protocol */,
			);
			path = Module;
			sourceTree = "<group>";
		};
		D1BA59252AC33293007437F4 /* Base */ = {
			isa = PBXGroup;
			children = (
				D1370A802AE130E500FCBD67 /* BaseView.swift */,
				D1BA59262AC3329C007437F4 /* BaseViewController.swift */,
				D1BA592A2AC332C5007437F4 /* BaseTableViewCell.swift */,
				D1B52EFF2ACE79CF00477A14 /* BaseCollectionViewCell.swift */,
				D1BA592C2AC334D0007437F4 /* Protocol */,
				D1BA59332AC6B87C007437F4 /* Builder */,
				D1370A9F2AE57F8A00FCBD67 /* Observable */,
			);
			path = Base;
			sourceTree = "<group>";
		};
		D1BA592C2AC334D0007437F4 /* Protocol */ = {
			isa = PBXGroup;
			children = (
				D1BA592D2AC334E3007437F4 /* reusableViewProtocol.swift */,
				D1370A6C2ADE5C3800FCBD67 /* moveToFirstScene.swift */,
			);
			path = Protocol;
			sourceTree = "<group>";
		};
		D1BA592F2AC3EE40007437F4 /* Profile */ = {
			isa = PBXGroup;
			children = (
				D1370A922AE25F4200FCBD67 /* Setting */,
				D1BA59032AC330E9007437F4 /* ProfileViewController.swift */,
				D1370AA22AE59FF100FCBD67 /* ProfileViewModel.swift */,
				D1370A912AE25F1500FCBD67 /* ProfileViewCell */,
				D18273082AD0950100F4709B /* Add */,
			);
			path = Profile;
			sourceTree = "<group>";
		};
		D1BA59302AC3EE4D007437F4 /* Data */ = {
			isa = PBXGroup;
			children = (
				D1B52F162AD0383A00477A14 /* Species.swift */,
				D1370AB52AE6D7BA00FCBD67 /* TableData */,
				D1BB800F2ADA6C31001FFF1C /* RecordType */,
				D1BB7FBA2AD4680D001FFF1C /* AlertSetting */,
			);
			path = Data;
			sourceTree = "<group>";
		};
		D1BA59332AC6B87C007437F4 /* Builder */ = {
			isa = PBXGroup;
			children = (
				D1BA59342AC6B887007437F4 /* LabelBuilder.swift */,
				D1B52EC12AC9931F00477A14 /* ButtonBuilder.swift */,
				D1BA593F2AC71147007437F4 /* ImageViewBuilder.swift */,
				D1BA593D2AC6FC2F007437F4 /* StackViewBuilder.swift */,
				D1BA59362AC6B898007437F4 /* ViewAppearance.swift */,
				D1BB80002AD85694001FFF1C /* UnderlineSegmentedControl.swift */,
				D1B52EC32ACAA53D00477A14 /* UnderlineTextFieldBuilder.swift */,
				D1BB7FE82AD6B581001FFF1C /* TextViewBuilder.swift */,
			);
			path = Builder;
			sourceTree = "<group>";
		};
		D1BA593C2AC6F8F4007437F4 /* Protocol */ = {
			isa = PBXGroup;
			children = (
				D1BB80172ADA714C001FFF1C /* CheckProtocol.swift */,
			);
			path = Protocol;
			sourceTree = "<group>";
		};
		D1BA59412AC73614007437F4 /* Realm */ = {
			isa = PBXGroup;
			children = (
				D1370A712ADE608D00FCBD67 /* Table */,
				D1370A702ADE608200FCBD67 /* Repository */,
			);
			path = Realm;
			sourceTree = "<group>";
		};
		D1BA594A2AC828F7007437F4 /* Design */ = {
			isa = PBXGroup;
			children = (
				D1BA594B2AC82901007437F4 /* Design.swift */,
			);
			path = Design;
			sourceTree = "<group>";
		};
		D1BA594D2AC82ADC007437F4 /* Localization */ = {
			isa = PBXGroup;
			children = (
				D1BA59552AC82CFC007437F4 /* Extension */,
			);
			path = Localization;
			sourceTree = "<group>";
		};
		D1BA59552AC82CFC007437F4 /* Extension */ = {
			isa = PBXGroup;
			children = (
				D1BA59562AC82D08007437F4 /* StringForLocalization.swift */,
				D1BA59522AC82B4C007437F4 /* Localizable.strings */,
				D1F08BDE2AE7F41F007E793C /* InfoPlist.strings */,
			);
			path = Extension;
			sourceTree = "<group>";
		};
		D1BB7FB32AD45153001FFF1C /* PicCell */ = {
			isa = PBXGroup;
			children = (
				D1BB7FAE2AD3D00F001FFF1C /* AddCollectionViewCell.swift */,
				D1BB7FAC2AD3D009001FFF1C /* PicCollectionViewCell.swift */,
			);
			path = PicCell;
			sourceTree = "<group>";
		};
		D1BB7FBA2AD4680D001FFF1C /* AlertSetting */ = {
			isa = PBXGroup;
			children = (
				D1BB7FB82AD467E9001FFF1C /* AlertSetting.swift */,
				D1BB7FBB2AD4683B001FFF1C /* DailyTodo.swift */,
			);
			path = AlertSetting;
			sourceTree = "<group>";
		};
		D1BB7FD02AD570A3001FFF1C /* WithViewController */ = {
			isa = PBXGroup;
			children = (
				D1BB7FCE2AD55BF2001FFF1C /* WithViewController.swift */,
				D1BB7FCA2AD53F3C001FFF1C /* ChoosePetCollectionViewCell.swift */,
				D1B52F052ACFEF8300477A14 /* Diary */,
				D1B52F062ACFEF9C00477A14 /* Record */,
				D1B52F072ACFEFAA00477A14 /* Medical */,
			);
			path = WithViewController;
			sourceTree = "<group>";
		};
		D1BB7FD62AD68D8F001FFF1C /* Weight */ = {
			isa = PBXGroup;
			children = (
				D1B52F0D2AD002A800477A14 /* WeightRecordViewController.swift */,
			);
			path = Weight;
			sourceTree = "<group>";
		};
		D1BB7FD72AD68D97001FFF1C /* Feed */ = {
			isa = PBXGroup;
			children = (
				D1B52F0F2AD01F8400477A14 /* FeedViewController.swift */,
			);
			path = Feed;
			sourceTree = "<group>";
		};
		D1BB7FD82AD68D9B001FFF1C /* PooPee */ = {
			isa = PBXGroup;
			children = (
				D1BB80022AD85A43001FFF1C /* PooPeeViewController.swift */,
				D1BB800D2ADA656F001FFF1C /* Poo */,
				D1BB800E2ADA6575001FFF1C /* Pee */,
				D1F08BD92AE7E565007E793C /* Cell */,
			);
			path = PooPee;
			sourceTree = "<group>";
		};
		D1BB7FD92AD68DA6001FFF1C /* AbnormalSymptoms */ = {
			isa = PBXGroup;
			children = (
				D1BB7FC62AD5314F001FFF1C /* AbnormalSymptomsViewController.swift */,
				D1F08C1D2AEA82B1007E793C /* SymptomsViewModel.swift */,
				D1BB7FFD2AD7E712001FFF1C /* AbnormalSymptomsCell */,
			);
			path = AbnormalSymptoms;
			sourceTree = "<group>";
		};
		D1BB7FFD2AD7E712001FFF1C /* AbnormalSymptomsCell */ = {
			isa = PBXGroup;
			children = (
				D1BB7FDA2AD68DB8001FFF1C /* AbnormalSymptomsTableViewCell.swift */,
			);
			path = AbnormalSymptomsCell;
			sourceTree = "<group>";
		};
		D1BB80082AD93980001FFF1C /* AdditionalInfo */ = {
			isa = PBXGroup;
			children = (
				D1BB80092AD93994001FFF1C /* AdditionalInfoViewController.swift */,
				D1BB800B2ADA640D001FFF1C /* AdditionalInfoViewController+.swift */,
			);
			path = AdditionalInfo;
			sourceTree = "<group>";
		};
		D1BB800D2ADA656F001FFF1C /* Poo */ = {
			isa = PBXGroup;
			children = (
				D1B52F122AD0299600477A14 /* PooViewController.swift */,
			);
			path = Poo;
			sourceTree = "<group>";
		};
		D1BB800E2ADA6575001FFF1C /* Pee */ = {
			isa = PBXGroup;
			children = (
				D1BB80042AD85ACB001FFF1C /* PeeViewController.swift */,
			);
			path = Pee;
			sourceTree = "<group>";
		};
		D1BB800F2ADA6C31001FFF1C /* RecordType */ = {
			isa = PBXGroup;
			children = (
				D1BB7FCC2AD544CA001FFF1C /* RecordType.swift */,
				D1370A6E2ADE600700FCBD67 /* MedicalRecordType.swift */,
				D18273132AD2CEA200F4709B /* Unit.swift */,
				D1BB80192ADA715D001FFF1C /* CheckRecord */,
				D1BB80102ADA6C6D001FFF1C /* PeePoo */,
				D1BB801A2ADA7165001FFF1C /* AbnormalSymptoms */,
			);
			path = RecordType;
			sourceTree = "<group>";
		};
		D1BB80102ADA6C6D001FFF1C /* PeePoo */ = {
			isa = PBXGroup;
			children = (
				D1BB80112ADA6C75001FFF1C /* Pee.swift */,
				D1BB80132ADA6C79001FFF1C /* Poo.swift */,
			);
			path = PeePoo;
			sourceTree = "<group>";
		};
		D1BB80192ADA715D001FFF1C /* CheckRecord */ = {
			isa = PBXGroup;
			children = (
				D1BB80152ADA7123001FFF1C /* CheckRecord.swift */,
			);
			path = CheckRecord;
			sourceTree = "<group>";
		};
		D1BB801A2ADA7165001FFF1C /* AbnormalSymptoms */ = {
			isa = PBXGroup;
			children = (
				D1BB7FD32AD679DF001FFF1C /* AbnormalSymptoms.swift */,
			);
			path = AbnormalSymptoms;
			sourceTree = "<group>";
		};
		D1C67B792B6D0323009AD2A7 /* Resource */ = {
			isa = PBXGroup;
			children = (
				D1BA59082AC330EA007437F4 /* Assets.xcassets */,
				D1F08BF72AE90CD8007E793C /* launchScreenAsset */,
				D1F08BC22AE7D747007E793C /* font */,
			);
			path = Resource;
			sourceTree = "<group>";
		};
		D1F08BC22AE7D747007E793C /* font */ = {
			isa = PBXGroup;
			children = (
				D1F08BE92AE82E13007E793C /* ChangwonDangam.otf */,
				D1F08BD72AE7D94D007E793C /* LeeSeoyun.otf */,
				D1F08BC42AE7D747007E793C /* SCDream3.otf */,
				D1F08BC62AE7D747007E793C /* SCDream6.otf */,
				D1F08BC72AE7D747007E793C /* SCDream7.otf */,
				D1F08BC82AE7D747007E793C /* SCDream5.otf */,
				D1F08BC92AE7D747007E793C /* SCDream4.otf */,
			);
			path = font;
			sourceTree = "<group>";
		};
		D1F08BD92AE7E565007E793C /* Cell */ = {
			isa = PBXGroup;
			children = (
				D1BB80062AD86711001FFF1C /* PooPeeCollectionViewCell.swift */,
			);
			path = Cell;
			sourceTree = "<group>";
		};
		D1F08BF72AE90CD8007E793C /* launchScreenAsset */ = {
			isa = PBXGroup;
			children = (
				D1F08BFC2AE91746007E793C /* Doggo_1.png */,
				D1F08BFD2AE91746007E793C /* Doggo_2.png */,
				D1F08BFE2AE91746007E793C /* Doggo_3.png */,
			);
			path = launchScreenAsset;
			sourceTree = "<group>";
		};
/* End PBXGroup section */

/* Begin PBXNativeTarget section */
		D1BA58FB2AC330E9007437F4 /* Orang */ = {
			isa = PBXNativeTarget;
			buildConfigurationList = D1BA59102AC330EA007437F4 /* Build configuration list for PBXNativeTarget "Orang" */;
			buildPhases = (
				D1BA58F82AC330E9007437F4 /* Sources */,
				D1BA58F92AC330E9007437F4 /* Frameworks */,
				D1BA58FA2AC330E9007437F4 /* Resources */,
				D12B91CC2B00FAC4006451FE /* ShellScript */,
			);
			buildRules = (
			);
			dependencies = (
			);
			name = Orang;
			packageProductDependencies = (
				D1B52EBF2AC9918000477A14 /* IQKeyboardManagerSwift */,
				D182730F2AD26F5900F4709B /* FSCalendar */,
				D1BB7FDD2AD68F65001FFF1C /* SnapKit */,
				D1BB7FE02AD68F74001FFF1C /* Realm */,
				D1BB7FE22AD68F74001FFF1C /* RealmSwift */,
				D1BB7FE62AD693A1001FFF1C /* M13Checkbox */,
				D1370A7C2AE041DE00FCBD67 /* Toast */,
				D12B91C62B00F953006451FE /* FirebaseAnalyticsWithoutAdIdSupport */,
				D12B91C82B00F953006451FE /* FirebaseCrashlytics */,
				D12B91CA2B00F953006451FE /* FirebaseMessaging */,
			);
			productName = Orang;
			productReference = D1BA58FC2AC330E9007437F4 /* Orang.app */;
			productType = "com.apple.product-type.application";
		};
/* End PBXNativeTarget section */

/* Begin PBXProject section */
		D1BA58F42AC330E9007437F4 /* Project object */ = {
			isa = PBXProject;
			attributes = {
				BuildIndependentTargetsInParallel = 1;
				LastSwiftUpdateCheck = 1430;
				LastUpgradeCheck = 1430;
				TargetAttributes = {
					D1BA58FB2AC330E9007437F4 = {
						CreatedOnToolsVersion = 14.3.1;
					};
				};
			};
			buildConfigurationList = D1BA58F72AC330E9007437F4 /* Build configuration list for PBXProject "Orang" */;
			compatibilityVersion = "Xcode 14.0";
			developmentRegion = en;
			hasScannedForEncodings = 0;
			knownRegions = (
				en,
				Base,
				ko,
			);
			mainGroup = D1BA58F32AC330E9007437F4;
			packageReferences = (
				D1B52EBE2AC9918000477A14 /* XCRemoteSwiftPackageReference "IQKeyboardManager" */,
				D182730E2AD26F5900F4709B /* XCRemoteSwiftPackageReference "FSCalendar" */,
				D1BB7FDC2AD68F65001FFF1C /* XCRemoteSwiftPackageReference "SnapKit" */,
				D1BB7FDF2AD68F74001FFF1C /* XCRemoteSwiftPackageReference "realm-swift" */,
				D1BB7FE52AD693A1001FFF1C /* XCRemoteSwiftPackageReference "M13Checkbox" */,
				D1370A7B2AE041DE00FCBD67 /* XCRemoteSwiftPackageReference "Toast-Swift" */,
				D12B91C52B00F953006451FE /* XCRemoteSwiftPackageReference "firebase-ios-sdk" */,
			);
			productRefGroup = D1BA58FD2AC330E9007437F4 /* Products */;
			projectDirPath = "";
			projectRoot = "";
			targets = (
				D1BA58FB2AC330E9007437F4 /* Orang */,
			);
		};
/* End PBXProject section */

/* Begin PBXResourcesBuildPhase section */
		D1BA58FA2AC330E9007437F4 /* Resources */ = {
			isa = PBXResourcesBuildPhase;
			buildActionMask = 2147483647;
			files = (
				D1F08BD32AE7D747007E793C /* SCDream4.otf in Resources */,
				D1F08BDC2AE7F41F007E793C /* InfoPlist.strings in Resources */,
				D1F08C002AE91746007E793C /* Doggo_2.png in Resources */,
				D1F08BD12AE7D747007E793C /* SCDream7.otf in Resources */,
				D1F08BEA2AE82E13007E793C /* ChangwonDangam.otf in Resources */,
				D1F08BCE2AE7D747007E793C /* SCDream3.otf in Resources */,
				D1F08BF92AE91058007E793C /* LaunchScreen.storyboard in Resources */,
				D1F08BD22AE7D747007E793C /* SCDream5.otf in Resources */,
				D12B91EE2B020777006451FE /* GoogleService-Info.plist in Resources */,
				D1F08C012AE91746007E793C /* Doggo_3.png in Resources */,
				D1F08BD02AE7D747007E793C /* SCDream6.otf in Resources */,
				D1F08BD82AE7D94D007E793C /* LeeSeoyun.otf in Resources */,
				D1BA59502AC82B4C007437F4 /* Localizable.strings in Resources */,
				D1BA59092AC330EA007437F4 /* Assets.xcassets in Resources */,
				D1F08BFF2AE91746007E793C /* Doggo_1.png in Resources */,
			);
			runOnlyForDeploymentPostprocessing = 0;
		};
/* End PBXResourcesBuildPhase section */

/* Begin PBXShellScriptBuildPhase section */
		D12B91CC2B00FAC4006451FE /* ShellScript */ = {
			isa = PBXShellScriptBuildPhase;
			buildActionMask = 2147483647;
			files = (
			);
			inputFileListPaths = (
			);
			inputPaths = (
				"${DWARF_DSYM_FOLDER_PATH}/${DWARF_DSYM_FILE_NAME}",
				"${DWARF_DSYM_FOLDER_PATH}/${DWARF_DSYM_FILE_NAME}/Contents/Resources/DWARF/${PRODUCT_NAME}",
				"${DWARF_DSYM_FOLDER_PATH}/${DWARF_DSYM_FILE_NAME}/Contents/Info.plist",
				"$(TARGET_BUILD_DIR)/$(UNLOCALIZED_RESOURCES_FOLDER_PATH)/GoogleService-Info.plist",
				"$(TARGET_BUILD_DIR)/$(EXECUTABLE_PATH)",
			);
			outputFileListPaths = (
			);
			outputPaths = (
			);
			runOnlyForDeploymentPostprocessing = 0;
			shellPath = /bin/sh;
			shellScript = "# Type a script or drag a script file from your workspace to insert its path.\n\"${BUILD_DIR%/Build/*}/SourcePackages/checkouts/firebase-ios-sdk/Crashlytics/run\"\n";
		};
/* End PBXShellScriptBuildPhase section */

/* Begin PBXSourcesBuildPhase section */
		D1BA58F82AC330E9007437F4 /* Sources */ = {
			isa = PBXSourcesBuildPhase;
			buildActionMask = 2147483647;
			files = (
				D182730A2AD0F31200F4709B /* Date+.swift in Sources */,
				D1370A8C2AE1889000FCBD67 /* DailyView.swift in Sources */,
				D1BB80032AD85A43001FFF1C /* PooPeeViewController.swift in Sources */,
				D1370AA32AE59FF100FCBD67 /* ProfileViewModel.swift in Sources */,
				D1BB800A2AD93994001FFF1C /* AdditionalInfoViewController.swift in Sources */,
				D1B031592B7A710800737C59 /* BackupViewController.swift in Sources */,
				D1BA59472AC73CEB007437F4 /* AddViewController.swift in Sources */,
				D1BB80142ADA6C79001FFF1C /* Poo.swift in Sources */,
				D1BB80052AD85ACB001FFF1C /* PeeViewController.swift in Sources */,
				D1BA59322AC3F1FF007437F4 /* ProfileCollectionViewCell.swift in Sources */,
				D1370A872AE15DB300FCBD67 /* DiaryTableViewCell.swift in Sources */,
				D1BA593E2AC6FC2F007437F4 /* StackViewBuilder.swift in Sources */,
				D1370A9C2AE40F2F00FCBD67 /* String+.swift in Sources */,
				D1BB80072AD86711001FFF1C /* PooPeeCollectionViewCell.swift in Sources */,
				D1B52F132AD0299700477A14 /* PooViewController.swift in Sources */,
				D1BB7FE92AD6B581001FFF1C /* TextViewBuilder.swift in Sources */,
				D1B52EC42ACAA53D00477A14 /* UnderlineTextFieldBuilder.swift in Sources */,
				D1370A812AE130E500FCBD67 /* BaseView.swift in Sources */,
				D18273142AD2CEA200F4709B /* Unit.swift in Sources */,
				D1BA59042AC330E9007437F4 /* ProfileViewController.swift in Sources */,
				D1370AA72AE5B0E400FCBD67 /* MedicalRecord.swift in Sources */,
				D1370AB22AE6545400FCBD67 /* AddView.swift in Sources */,
				D1BB7FAF2AD3D00F001FFF1C /* AddCollectionViewCell.swift in Sources */,
				D1370AA92AE5B5B700FCBD67 /* Pet.swift in Sources */,
				D1370A5C2ADC017900FCBD67 /* AdditionalMemoViewController.swift in Sources */,
				D1370A852AE1537400FCBD67 /* DailyRecordCollectionViewCell.swift in Sources */,
				D1370A8E2AE188AB00FCBD67 /* MedicalView.swift in Sources */,
				D1F08BEC2AE83E31007E793C /* LaunchViewController.swift in Sources */,
				D1BB7FBC2AD4683B001FFF1C /* DailyTodo.swift in Sources */,
				D1370A6D2ADE5C3800FCBD67 /* moveToFirstScene.swift in Sources */,
				D1B52ED12ACBED4900477A14 /* RecordViewController.swift in Sources */,
				D1370A982AE2707100FCBD67 /* EmptyView.swift in Sources */,
				D1BA594C2AC82901007437F4 /* Design.swift in Sources */,
				D1B0315C2B7A715C00737C59 /* WVViewController.swift in Sources */,
				D1BB7FCD2AD544CA001FFF1C /* RecordType.swift in Sources */,
				D1370A5E2ADC103300FCBD67 /* VaccineSelectViewController.swift in Sources */,
				D1BB80122ADA6C75001FFF1C /* Pee.swift in Sources */,
				D1BA59272AC3329C007437F4 /* BaseViewController.swift in Sources */,
				D1BB7FC42AD52082001FFF1C /* MedicalRecordTable.swift in Sources */,
				D1BA59402AC71147007437F4 /* ImageViewBuilder.swift in Sources */,
				D1370AB42AE6648400FCBD67 /* RecordView.swift in Sources */,
				D1BB7FB92AD467E9001FFF1C /* AlertSetting.swift in Sources */,
				D1370A682ADD156A00FCBD67 /* VaccineAddCollectionViewCell.swift in Sources */,
				D1B52F152AD033BC00477A14 /* AddViewController+.swift in Sources */,
				D1370AB72AE6E25900FCBD67 /* TableView+.swift in Sources */,
				D1B52F0C2ACFF0FB00477A14 /* DiaryViewController.swift in Sources */,
				D1370A942AE25F8B00FCBD67 /* SettingViewController.swift in Sources */,
				D1370A9E2AE57F8100FCBD67 /* Observable.swift in Sources */,
				D1370AA52AE5AF8600FCBD67 /* Record.swift in Sources */,
				D1BB7FC92AD531AC001FFF1C /* VaccineViewController.swift in Sources */,
				D1BA59352AC6B887007437F4 /* LabelBuilder.swift in Sources */,
				D1B52ED32ACBEE3B00477A14 /* AlertViewController.swift in Sources */,
				D1BA59432AC7364D007437F4 /* PetTable.swift in Sources */,
				D1BB7FFF2AD7FC36001FFF1C /* DiaryDelegateProtocol.swift in Sources */,
				D1B52F0E2AD002A800477A14 /* WeightRecordViewController.swift in Sources */,
				D1370A9A2AE2761900FCBD67 /* DailyTempTableViewCell.swift in Sources */,
				D1BB7FD42AD679DF001FFF1C /* AbnormalSymptoms.swift in Sources */,
				D1BA592E2AC334E3007437F4 /* reusableViewProtocol.swift in Sources */,
				D1BB80012AD85694001FFF1C /* UnderlineSegmentedControl.swift in Sources */,
				D1B52EC92ACAFC3700477A14 /* ImageManager.swift in Sources */,
				D1F08BC12AE7C1D1007E793C /* UIImage+.swift in Sources */,
				D1BB80162ADA7123001FFF1C /* CheckRecord.swift in Sources */,
				D1B52F102AD01F8400477A14 /* FeedViewController.swift in Sources */,
				D1B52F172AD0383A00477A14 /* Species.swift in Sources */,
				D1B52F002ACE79CF00477A14 /* BaseCollectionViewCell.swift in Sources */,
				D1BA59002AC330E9007437F4 /* AppDelegate.swift in Sources */,
				D1BA592B2AC332C5007437F4 /* BaseTableViewCell.swift in Sources */,
				D1BA59372AC6B898007437F4 /* ViewAppearance.swift in Sources */,
				D1370A762ADE7E2A00FCBD67 /* TotalViewController.swift in Sources */,
				D1B52F092ACFEFC100477A14 /* MedicalHistoryViewController.swift in Sources */,
				D1370A7F2AE1306B00FCBD67 /* CalendarView.swift in Sources */,
				D1BB7FDB2AD68DB8001FFF1C /* AbnormalSymptomsTableViewCell.swift in Sources */,
				D1F08C1E2AEA82B1007E793C /* SymptomsViewModel.swift in Sources */,
				D1BB7FB52AD46451001FFF1C /* AlertAddViewController.swift in Sources */,
				D1BB7FC22AD51FC2001FFF1C /* RecordTable.swift in Sources */,
				D1B52EFE2ACDC48E00477A14 /* ViewController+.swift in Sources */,
				D1B52EC62ACAE1D000477A14 /* PetTableRepository.swift in Sources */,
				D1BB7FAD2AD3D009001FFF1C /* PicCollectionViewCell.swift in Sources */,
				D1BB80182ADA714C001FFF1C /* CheckProtocol.swift in Sources */,
				D1F08BE62AE824BE007E793C /* SplashViewController.swift in Sources */,
				D1370A6F2ADE600700FCBD67 /* MedicalRecordType.swift in Sources */,
				D1370AA12AE584E300FCBD67 /* DiaryViewModel.swift in Sources */,
				D1BB7FCF2AD55BF2001FFF1C /* WithViewController.swift in Sources */,
				D1B52EC22AC9931F00477A14 /* ButtonBuilder.swift in Sources */,
				D1BA59572AC82D08007437F4 /* StringForLocalization.swift in Sources */,
				D1BA59022AC330E9007437F4 /* SceneDelegate.swift in Sources */,
				D1BB800C2ADA640D001FFF1C /* AdditionalInfoViewController+.swift in Sources */,
				D1370A662ADD156100FCBD67 /* VaccineCategoryCollectionViewCell.swift in Sources */,
				D1BB7FC72AD5314F001FFF1C /* AbnormalSymptomsViewController.swift in Sources */,
				D1BB7FB72AD465DE001FFF1C /* AlertCollectionViewCell.swift in Sources */,
				D1370A8A2AE15EFC00FCBD67 /* DiaryView.swift in Sources */,
				D1BB7FBE2AD51ABF001FFF1C /* RecordTableRepository.swift in Sources */,
				D1370AB02AE6541D00FCBD67 /* AddViewModel.swift in Sources */,
				D1BB7FCB2AD53F3C001FFF1C /* ChoosePetCollectionViewCell.swift in Sources */,
			);
			runOnlyForDeploymentPostprocessing = 0;
		};
/* End PBXSourcesBuildPhase section */

/* Begin PBXVariantGroup section */
		D1BA59522AC82B4C007437F4 /* Localizable.strings */ = {
			isa = PBXVariantGroup;
			children = (
				D1BA59512AC82B4C007437F4 /* en */,
				D1BA59542AC82BD3007437F4 /* ko */,
			);
			name = Localizable.strings;
			sourceTree = "<group>";
		};
		D1F08BDE2AE7F41F007E793C /* InfoPlist.strings */ = {
			isa = PBXVariantGroup;
			children = (
				D1F08BDD2AE7F41F007E793C /* en */,
				D1F08BDF2AE7F420007E793C /* ko */,
			);
			name = InfoPlist.strings;
			sourceTree = "<group>";
		};
/* End PBXVariantGroup section */

/* Begin XCBuildConfiguration section */
		D1BA590E2AC330EA007437F4 /* Debug */ = {
			isa = XCBuildConfiguration;
			buildSettings = {
				ALWAYS_SEARCH_USER_PATHS = NO;
				CLANG_ANALYZER_LOCALIZABILITY_NONLOCALIZED = YES;
				CLANG_ANALYZER_NONNULL = YES;
				CLANG_ANALYZER_NUMBER_OBJECT_CONVERSION = YES_AGGRESSIVE;
				CLANG_CXX_LANGUAGE_STANDARD = "gnu++20";
				CLANG_ENABLE_MODULES = YES;
				CLANG_ENABLE_OBJC_ARC = YES;
				CLANG_ENABLE_OBJC_WEAK = YES;
				CLANG_WARN_BLOCK_CAPTURE_AUTORELEASING = YES;
				CLANG_WARN_BOOL_CONVERSION = YES;
				CLANG_WARN_COMMA = YES;
				CLANG_WARN_CONSTANT_CONVERSION = YES;
				CLANG_WARN_DEPRECATED_OBJC_IMPLEMENTATIONS = YES;
				CLANG_WARN_DIRECT_OBJC_ISA_USAGE = YES_ERROR;
				CLANG_WARN_DOCUMENTATION_COMMENTS = YES;
				CLANG_WARN_EMPTY_BODY = YES;
				CLANG_WARN_ENUM_CONVERSION = YES;
				CLANG_WARN_INFINITE_RECURSION = YES;
				CLANG_WARN_INT_CONVERSION = YES;
				CLANG_WARN_NON_LITERAL_NULL_CONVERSION = YES;
				CLANG_WARN_OBJC_IMPLICIT_RETAIN_SELF = YES;
				CLANG_WARN_OBJC_LITERAL_CONVERSION = YES;
				CLANG_WARN_OBJC_ROOT_CLASS = YES_ERROR;
				CLANG_WARN_QUOTED_INCLUDE_IN_FRAMEWORK_HEADER = YES;
				CLANG_WARN_RANGE_LOOP_ANALYSIS = YES;
				CLANG_WARN_STRICT_PROTOTYPES = YES;
				CLANG_WARN_SUSPICIOUS_MOVE = YES;
				CLANG_WARN_UNGUARDED_AVAILABILITY = YES_AGGRESSIVE;
				CLANG_WARN_UNREACHABLE_CODE = YES;
				CLANG_WARN__DUPLICATE_METHOD_MATCH = YES;
				COPY_PHASE_STRIP = NO;
				DEBUG_INFORMATION_FORMAT = "dwarf-with-dsym";
				ENABLE_STRICT_OBJC_MSGSEND = YES;
				ENABLE_TESTABILITY = YES;
				GCC_C_LANGUAGE_STANDARD = gnu11;
				GCC_DYNAMIC_NO_PIC = NO;
				GCC_NO_COMMON_BLOCKS = YES;
				GCC_OPTIMIZATION_LEVEL = 0;
				GCC_PREPROCESSOR_DEFINITIONS = (
					"DEBUG=1",
					"$(inherited)",
				);
				GCC_WARN_64_TO_32_BIT_CONVERSION = YES;
				GCC_WARN_ABOUT_RETURN_TYPE = YES_ERROR;
				GCC_WARN_UNDECLARED_SELECTOR = YES;
				GCC_WARN_UNINITIALIZED_AUTOS = YES_AGGRESSIVE;
				GCC_WARN_UNUSED_FUNCTION = YES;
				GCC_WARN_UNUSED_VARIABLE = YES;
				INFOPLIST_KEY_UILaunchStoryboardName = LaunchScreen;
				IPHONEOS_DEPLOYMENT_TARGET = 15.0;
				MTL_ENABLE_DEBUG_INFO = INCLUDE_SOURCE;
				MTL_FAST_MATH = YES;
				ONLY_ACTIVE_ARCH = YES;
				SDKROOT = iphoneos;
				SWIFT_ACTIVE_COMPILATION_CONDITIONS = DEBUG;
				SWIFT_OPTIMIZATION_LEVEL = "-Onone";
			};
			name = Debug;
		};
		D1BA590F2AC330EA007437F4 /* Release */ = {
			isa = XCBuildConfiguration;
			buildSettings = {
				ALWAYS_SEARCH_USER_PATHS = NO;
				CLANG_ANALYZER_LOCALIZABILITY_NONLOCALIZED = YES;
				CLANG_ANALYZER_NONNULL = YES;
				CLANG_ANALYZER_NUMBER_OBJECT_CONVERSION = YES_AGGRESSIVE;
				CLANG_CXX_LANGUAGE_STANDARD = "gnu++20";
				CLANG_ENABLE_MODULES = YES;
				CLANG_ENABLE_OBJC_ARC = YES;
				CLANG_ENABLE_OBJC_WEAK = YES;
				CLANG_WARN_BLOCK_CAPTURE_AUTORELEASING = YES;
				CLANG_WARN_BOOL_CONVERSION = YES;
				CLANG_WARN_COMMA = YES;
				CLANG_WARN_CONSTANT_CONVERSION = YES;
				CLANG_WARN_DEPRECATED_OBJC_IMPLEMENTATIONS = YES;
				CLANG_WARN_DIRECT_OBJC_ISA_USAGE = YES_ERROR;
				CLANG_WARN_DOCUMENTATION_COMMENTS = YES;
				CLANG_WARN_EMPTY_BODY = YES;
				CLANG_WARN_ENUM_CONVERSION = YES;
				CLANG_WARN_INFINITE_RECURSION = YES;
				CLANG_WARN_INT_CONVERSION = YES;
				CLANG_WARN_NON_LITERAL_NULL_CONVERSION = YES;
				CLANG_WARN_OBJC_IMPLICIT_RETAIN_SELF = YES;
				CLANG_WARN_OBJC_LITERAL_CONVERSION = YES;
				CLANG_WARN_OBJC_ROOT_CLASS = YES_ERROR;
				CLANG_WARN_QUOTED_INCLUDE_IN_FRAMEWORK_HEADER = YES;
				CLANG_WARN_RANGE_LOOP_ANALYSIS = YES;
				CLANG_WARN_STRICT_PROTOTYPES = YES;
				CLANG_WARN_SUSPICIOUS_MOVE = YES;
				CLANG_WARN_UNGUARDED_AVAILABILITY = YES_AGGRESSIVE;
				CLANG_WARN_UNREACHABLE_CODE = YES;
				CLANG_WARN__DUPLICATE_METHOD_MATCH = YES;
				COPY_PHASE_STRIP = NO;
				DEBUG_INFORMATION_FORMAT = "dwarf-with-dsym";
				ENABLE_NS_ASSERTIONS = NO;
				ENABLE_STRICT_OBJC_MSGSEND = YES;
				GCC_C_LANGUAGE_STANDARD = gnu11;
				GCC_NO_COMMON_BLOCKS = YES;
				GCC_WARN_64_TO_32_BIT_CONVERSION = YES;
				GCC_WARN_ABOUT_RETURN_TYPE = YES_ERROR;
				GCC_WARN_UNDECLARED_SELECTOR = YES;
				GCC_WARN_UNINITIALIZED_AUTOS = YES_AGGRESSIVE;
				GCC_WARN_UNUSED_FUNCTION = YES;
				GCC_WARN_UNUSED_VARIABLE = YES;
				INFOPLIST_KEY_UILaunchStoryboardName = LaunchScreen;
				IPHONEOS_DEPLOYMENT_TARGET = 15.0;
				MTL_ENABLE_DEBUG_INFO = NO;
				MTL_FAST_MATH = YES;
				SDKROOT = iphoneos;
				SWIFT_COMPILATION_MODE = wholemodule;
				SWIFT_OPTIMIZATION_LEVEL = "-O";
				VALIDATE_PRODUCT = YES;
			};
			name = Release;
		};
		D1BA59112AC330EA007437F4 /* Debug */ = {
			isa = XCBuildConfiguration;
			buildSettings = {
				ASSETCATALOG_COMPILER_APPICON_NAME = AppIcon;
				ASSETCATALOG_COMPILER_GLOBAL_ACCENT_COLOR_NAME = AccentColor;
				CODE_SIGN_ENTITLEMENTS = Orang/Orang.entitlements;
				CODE_SIGN_STYLE = Automatic;
				CURRENT_PROJECT_VERSION = 1;
				DEVELOPMENT_TEAM = X686YG6VXT;
				GENERATE_INFOPLIST_FILE = YES;
				INFOPLIST_FILE = Orang/Info.plist;
				INFOPLIST_KEY_CFBundleDisplayName = Orang;
				INFOPLIST_KEY_LSApplicationCategoryType = "public.app-category.lifestyle";
				INFOPLIST_KEY_NSCameraUsageDescription = "카메라 권한을 허용해야 기록에 이미지 촬영 및 첨부가 가능합니다.";
				INFOPLIST_KEY_UIApplicationSupportsIndirectInputEvents = YES;
				INFOPLIST_KEY_UILaunchStoryboardName = LaunchScreen.storyboard;
				INFOPLIST_KEY_UISupportedInterfaceOrientations = UIInterfaceOrientationPortrait;
				INFOPLIST_KEY_UISupportedInterfaceOrientations_iPad = "UIInterfaceOrientationLandscapeLeft UIInterfaceOrientationLandscapeRight UIInterfaceOrientationPortrait UIInterfaceOrientationPortraitUpsideDown";
				IPHONEOS_DEPLOYMENT_TARGET = 15.0;
				LD_RUNPATH_SEARCH_PATHS = (
					"$(inherited)",
					"@executable_path/Frameworks",
				);
				MARKETING_VERSION = 1.07;
				PRODUCT_BUNDLE_IDENTIFIER = com.yeoni.Orang;
				PRODUCT_NAME = "$(TARGET_NAME)";
				SUPPORTED_PLATFORMS = "iphoneos iphonesimulator";
				SUPPORTS_MACCATALYST = NO;
				SUPPORTS_MAC_DESIGNED_FOR_IPHONE_IPAD = NO;
				SWIFT_EMIT_LOC_STRINGS = YES;
				SWIFT_VERSION = 5.0;
				TARGETED_DEVICE_FAMILY = 1;
			};
			name = Debug;
		};
		D1BA59122AC330EA007437F4 /* Release */ = {
			isa = XCBuildConfiguration;
			buildSettings = {
				ASSETCATALOG_COMPILER_APPICON_NAME = AppIcon;
				ASSETCATALOG_COMPILER_GLOBAL_ACCENT_COLOR_NAME = AccentColor;
				CODE_SIGN_ENTITLEMENTS = Orang/Orang.entitlements;
				CODE_SIGN_STYLE = Automatic;
				CURRENT_PROJECT_VERSION = 1;
				DEVELOPMENT_TEAM = X686YG6VXT;
				GENERATE_INFOPLIST_FILE = YES;
				INFOPLIST_FILE = Orang/Info.plist;
				INFOPLIST_KEY_CFBundleDisplayName = Orang;
				INFOPLIST_KEY_LSApplicationCategoryType = "public.app-category.lifestyle";
				INFOPLIST_KEY_NSCameraUsageDescription = "카메라 권한을 허용해야 기록에 이미지 촬영 및 첨부가 가능합니다.";
				INFOPLIST_KEY_UIApplicationSupportsIndirectInputEvents = YES;
				INFOPLIST_KEY_UILaunchStoryboardName = LaunchScreen.storyboard;
				INFOPLIST_KEY_UISupportedInterfaceOrientations = UIInterfaceOrientationPortrait;
				INFOPLIST_KEY_UISupportedInterfaceOrientations_iPad = "UIInterfaceOrientationLandscapeLeft UIInterfaceOrientationLandscapeRight UIInterfaceOrientationPortrait UIInterfaceOrientationPortraitUpsideDown";
				IPHONEOS_DEPLOYMENT_TARGET = 15.0;
				LD_RUNPATH_SEARCH_PATHS = (
					"$(inherited)",
					"@executable_path/Frameworks",
				);
				MARKETING_VERSION = 1.07;
				PRODUCT_BUNDLE_IDENTIFIER = com.yeoni.Orang;
				PRODUCT_NAME = "$(TARGET_NAME)";
				SUPPORTED_PLATFORMS = "iphoneos iphonesimulator";
				SUPPORTS_MACCATALYST = NO;
				SUPPORTS_MAC_DESIGNED_FOR_IPHONE_IPAD = NO;
				SWIFT_EMIT_LOC_STRINGS = YES;
				SWIFT_VERSION = 5.0;
				TARGETED_DEVICE_FAMILY = 1;
			};
			name = Release;
		};
/* End XCBuildConfiguration section */

/* Begin XCConfigurationList section */
		D1BA58F72AC330E9007437F4 /* Build configuration list for PBXProject "Orang" */ = {
			isa = XCConfigurationList;
			buildConfigurations = (
				D1BA590E2AC330EA007437F4 /* Debug */,
				D1BA590F2AC330EA007437F4 /* Release */,
			);
			defaultConfigurationIsVisible = 0;
			defaultConfigurationName = Release;
		};
		D1BA59102AC330EA007437F4 /* Build configuration list for PBXNativeTarget "Orang" */ = {
			isa = XCConfigurationList;
			buildConfigurations = (
				D1BA59112AC330EA007437F4 /* Debug */,
				D1BA59122AC330EA007437F4 /* Release */,
			);
			defaultConfigurationIsVisible = 0;
			defaultConfigurationName = Release;
		};
/* End XCConfigurationList section */

/* Begin XCRemoteSwiftPackageReference section */
		D12B91C52B00F953006451FE /* XCRemoteSwiftPackageReference "firebase-ios-sdk" */ = {
			isa = XCRemoteSwiftPackageReference;
			repositoryURL = "https://github.com/firebase/firebase-ios-sdk";
			requirement = {
				kind = upToNextMajorVersion;
				minimumVersion = 10.17.0;
			};
		};
		D1370A7B2AE041DE00FCBD67 /* XCRemoteSwiftPackageReference "Toast-Swift" */ = {
			isa = XCRemoteSwiftPackageReference;
			repositoryURL = "https://github.com/scalessec/Toast-Swift.git";
			requirement = {
				kind = upToNextMinorVersion;
				minimumVersion = 5.0.0;
			};
		};
		D182730E2AD26F5900F4709B /* XCRemoteSwiftPackageReference "FSCalendar" */ = {
			isa = XCRemoteSwiftPackageReference;
			repositoryURL = "https://github.com/WenchaoD/FSCalendar.git";
			requirement = {
				kind = upToNextMajorVersion;
				minimumVersion = 2.8.0;
			};
		};
		D1B52EBE2AC9918000477A14 /* XCRemoteSwiftPackageReference "IQKeyboardManager" */ = {
			isa = XCRemoteSwiftPackageReference;
			repositoryURL = "https://github.com/hackiftekhar/IQKeyboardManager.git";
			requirement = {
				kind = upToNextMajorVersion;
				minimumVersion = 6.5.0;
			};
		};
		D1BB7FDC2AD68F65001FFF1C /* XCRemoteSwiftPackageReference "SnapKit" */ = {
			isa = XCRemoteSwiftPackageReference;
			repositoryURL = "https://github.com/SnapKit/SnapKit.git";
			requirement = {
				kind = upToNextMajorVersion;
				minimumVersion = 5.6.0;
			};
		};
		D1BB7FDF2AD68F74001FFF1C /* XCRemoteSwiftPackageReference "realm-swift" */ = {
			isa = XCRemoteSwiftPackageReference;
			repositoryURL = "https://github.com/realm/realm-swift.git";
			requirement = {
				branch = master;
				kind = branch;
			};
		};
		D1BB7FE52AD693A1001FFF1C /* XCRemoteSwiftPackageReference "M13Checkbox" */ = {
			isa = XCRemoteSwiftPackageReference;
			repositoryURL = "https://github.com/Marxon13/M13Checkbox.git";
			requirement = {
				kind = upToNextMinorVersion;
				minimumVersion = 3.4.0;
			};
		};
/* End XCRemoteSwiftPackageReference section */

/* Begin XCSwiftPackageProductDependency section */
		D12B91C62B00F953006451FE /* FirebaseAnalyticsWithoutAdIdSupport */ = {
			isa = XCSwiftPackageProductDependency;
			package = D12B91C52B00F953006451FE /* XCRemoteSwiftPackageReference "firebase-ios-sdk" */;
			productName = FirebaseAnalyticsWithoutAdIdSupport;
		};
		D12B91C82B00F953006451FE /* FirebaseCrashlytics */ = {
			isa = XCSwiftPackageProductDependency;
			package = D12B91C52B00F953006451FE /* XCRemoteSwiftPackageReference "firebase-ios-sdk" */;
			productName = FirebaseCrashlytics;
		};
		D12B91CA2B00F953006451FE /* FirebaseMessaging */ = {
			isa = XCSwiftPackageProductDependency;
			package = D12B91C52B00F953006451FE /* XCRemoteSwiftPackageReference "firebase-ios-sdk" */;
			productName = FirebaseMessaging;
		};
		D1370A7C2AE041DE00FCBD67 /* Toast */ = {
			isa = XCSwiftPackageProductDependency;
			package = D1370A7B2AE041DE00FCBD67 /* XCRemoteSwiftPackageReference "Toast-Swift" */;
			productName = Toast;
		};
		D182730F2AD26F5900F4709B /* FSCalendar */ = {
			isa = XCSwiftPackageProductDependency;
			package = D182730E2AD26F5900F4709B /* XCRemoteSwiftPackageReference "FSCalendar" */;
			productName = FSCalendar;
		};
		D1B52EBF2AC9918000477A14 /* IQKeyboardManagerSwift */ = {
			isa = XCSwiftPackageProductDependency;
			package = D1B52EBE2AC9918000477A14 /* XCRemoteSwiftPackageReference "IQKeyboardManager" */;
			productName = IQKeyboardManagerSwift;
		};
		D1BB7FDD2AD68F65001FFF1C /* SnapKit */ = {
			isa = XCSwiftPackageProductDependency;
			package = D1BB7FDC2AD68F65001FFF1C /* XCRemoteSwiftPackageReference "SnapKit" */;
			productName = SnapKit;
		};
		D1BB7FE02AD68F74001FFF1C /* Realm */ = {
			isa = XCSwiftPackageProductDependency;
			package = D1BB7FDF2AD68F74001FFF1C /* XCRemoteSwiftPackageReference "realm-swift" */;
			productName = Realm;
		};
		D1BB7FE22AD68F74001FFF1C /* RealmSwift */ = {
			isa = XCSwiftPackageProductDependency;
			package = D1BB7FDF2AD68F74001FFF1C /* XCRemoteSwiftPackageReference "realm-swift" */;
			productName = RealmSwift;
		};
		D1BB7FE62AD693A1001FFF1C /* M13Checkbox */ = {
			isa = XCSwiftPackageProductDependency;
			package = D1BB7FE52AD693A1001FFF1C /* XCRemoteSwiftPackageReference "M13Checkbox" */;
			productName = M13Checkbox;
		};
/* End XCSwiftPackageProductDependency section */
	};
	rootObject = D1BA58F42AC330E9007437F4 /* Project object */;
}
