// !$*UTF8*$!
{
	archiveVersion = 1;
	classes = {
	};
	objectVersion = 56;
	objects = {

/* Begin PBXBuildFile section */
		D1BA59002AC330E9007437F4 /* AppDelegate.swift in Sources */ = {isa = PBXBuildFile; fileRef = D1BA58FF2AC330E9007437F4 /* AppDelegate.swift */; };
		D1BA59022AC330E9007437F4 /* SceneDelegate.swift in Sources */ = {isa = PBXBuildFile; fileRef = D1BA59012AC330E9007437F4 /* SceneDelegate.swift */; };
		D1BA59042AC330E9007437F4 /* ViewController.swift in Sources */ = {isa = PBXBuildFile; fileRef = D1BA59032AC330E9007437F4 /* ViewController.swift */; };
		D1BA59092AC330EA007437F4 /* Assets.xcassets in Resources */ = {isa = PBXBuildFile; fileRef = D1BA59082AC330EA007437F4 /* Assets.xcassets */; };
		D1BA590C2AC330EA007437F4 /* LaunchScreen.storyboard in Resources */ = {isa = PBXBuildFile; fileRef = D1BA590A2AC330EA007437F4 /* LaunchScreen.storyboard */; };
		D1BA59152AC3317B007437F4 /* Alamofire in Frameworks */ = {isa = PBXBuildFile; productRef = D1BA59142AC3317B007437F4 /* Alamofire */; };
		D1BA59182AC33185007437F4 /* SnapKit in Frameworks */ = {isa = PBXBuildFile; productRef = D1BA59172AC33185007437F4 /* SnapKit */; };
		D1BA591B2AC331C3007437F4 /* Realm in Frameworks */ = {isa = PBXBuildFile; productRef = D1BA591A2AC331C3007437F4 /* Realm */; };
		D1BA591D2AC331C3007437F4 /* RealmSwift in Frameworks */ = {isa = PBXBuildFile; productRef = D1BA591C2AC331C3007437F4 /* RealmSwift */; };
		D1BA59202AC331DA007437F4 /* TextFieldEffects in Frameworks */ = {isa = PBXBuildFile; productRef = D1BA591F2AC331DA007437F4 /* TextFieldEffects */; };
/* End PBXBuildFile section */

/* Begin PBXFileReference section */
		D1BA58FC2AC330E9007437F4 /* Orang.app */ = {isa = PBXFileReference; explicitFileType = wrapper.application; includeInIndex = 0; path = Orang.app; sourceTree = BUILT_PRODUCTS_DIR; };
		D1BA58FF2AC330E9007437F4 /* AppDelegate.swift */ = {isa = PBXFileReference; lastKnownFileType = sourcecode.swift; path = AppDelegate.swift; sourceTree = "<group>"; };
		D1BA59012AC330E9007437F4 /* SceneDelegate.swift */ = {isa = PBXFileReference; lastKnownFileType = sourcecode.swift; path = SceneDelegate.swift; sourceTree = "<group>"; };
		D1BA59032AC330E9007437F4 /* ViewController.swift */ = {isa = PBXFileReference; lastKnownFileType = sourcecode.swift; path = ViewController.swift; sourceTree = "<group>"; };
		D1BA59082AC330EA007437F4 /* Assets.xcassets */ = {isa = PBXFileReference; lastKnownFileType = folder.assetcatalog; path = Assets.xcassets; sourceTree = "<group>"; };
		D1BA590B2AC330EA007437F4 /* Base */ = {isa = PBXFileReference; lastKnownFileType = file.storyboard; name = Base; path = Base.lproj/LaunchScreen.storyboard; sourceTree = "<group>"; };
		D1BA590D2AC330EA007437F4 /* Info.plist */ = {isa = PBXFileReference; lastKnownFileType = text.plist.xml; path = Info.plist; sourceTree = "<group>"; };
/* End PBXFileReference section */

/* Begin PBXFrameworksBuildPhase section */
		D1BA58F92AC330E9007437F4 /* Frameworks */ = {
			isa = PBXFrameworksBuildPhase;
			buildActionMask = 2147483647;
			files = (
				D1BA591D2AC331C3007437F4 /* RealmSwift in Frameworks */,
				D1BA591B2AC331C3007437F4 /* Realm in Frameworks */,
				D1BA59152AC3317B007437F4 /* Alamofire in Frameworks */,
				D1BA59182AC33185007437F4 /* SnapKit in Frameworks */,
				D1BA59202AC331DA007437F4 /* TextFieldEffects in Frameworks */,
			);
			runOnlyForDeploymentPostprocessing = 0;
		};
/* End PBXFrameworksBuildPhase section */

/* Begin PBXGroup section */
		D1BA58F32AC330E9007437F4 = {
			isa = PBXGroup;
			children = (
				D1BA58FE2AC330E9007437F4 /* Orang */,
				D1BA58FD2AC330E9007437F4 /* Products */,
			);
			sourceTree = "<group>";
		};
		D1BA58FD2AC330E9007437F4 /* Products */ = {
			isa = PBXGroup;
			children = (
				D1BA58FC2AC330E9007437F4 /* Orang.app */,
			);
			name = Products;
			sourceTree = "<group>";
		};
		D1BA58FE2AC330E9007437F4 /* Orang */ = {
			isa = PBXGroup;
			children = (
				D1BA58FF2AC330E9007437F4 /* AppDelegate.swift */,
				D1BA59012AC330E9007437F4 /* SceneDelegate.swift */,
				D1BA59032AC330E9007437F4 /* ViewController.swift */,
				D1BA59082AC330EA007437F4 /* Assets.xcassets */,
				D1BA590A2AC330EA007437F4 /* LaunchScreen.storyboard */,
				D1BA590D2AC330EA007437F4 /* Info.plist */,
			);
			path = Orang;
			sourceTree = "<group>";
		};
/* End PBXGroup section */

/* Begin PBXNativeTarget section */
		D1BA58FB2AC330E9007437F4 /* Orang */ = {
			isa = PBXNativeTarget;
			buildConfigurationList = D1BA59102AC330EA007437F4 /* Build configuration list for PBXNativeTarget "Orang" */;
			buildPhases = (
				D1BA58F82AC330E9007437F4 /* Sources */,
				D1BA58F92AC330E9007437F4 /* Frameworks */,
				D1BA58FA2AC330E9007437F4 /* Resources */,
			);
			buildRules = (
			);
			dependencies = (
			);
			name = Orang;
			packageProductDependencies = (
				D1BA59142AC3317B007437F4 /* Alamofire */,
				D1BA59172AC33185007437F4 /* SnapKit */,
				D1BA591A2AC331C3007437F4 /* Realm */,
				D1BA591C2AC331C3007437F4 /* RealmSwift */,
				D1BA591F2AC331DA007437F4 /* TextFieldEffects */,
			);
			productName = Orang;
			productReference = D1BA58FC2AC330E9007437F4 /* Orang.app */;
			productType = "com.apple.product-type.application";
		};
/* End PBXNativeTarget section */

/* Begin PBXProject section */
		D1BA58F42AC330E9007437F4 /* Project object */ = {
			isa = PBXProject;
			attributes = {
				BuildIndependentTargetsInParallel = 1;
				LastSwiftUpdateCheck = 1430;
				LastUpgradeCheck = 1430;
				TargetAttributes = {
					D1BA58FB2AC330E9007437F4 = {
						CreatedOnToolsVersion = 14.3.1;
					};
				};
			};
			buildConfigurationList = D1BA58F72AC330E9007437F4 /* Build configuration list for PBXProject "Orang" */;
			compatibilityVersion = "Xcode 14.0";
			developmentRegion = en;
			hasScannedForEncodings = 0;
			knownRegions = (
				en,
				Base,
			);
			mainGroup = D1BA58F32AC330E9007437F4;
			packageReferences = (
				D1BA59132AC3317B007437F4 /* XCRemoteSwiftPackageReference "Alamofire" */,
				D1BA59162AC33185007437F4 /* XCRemoteSwiftPackageReference "SnapKit" */,
				D1BA59192AC331C3007437F4 /* XCRemoteSwiftPackageReference "realm-swift" */,
				D1BA591E2AC331DA007437F4 /* XCRemoteSwiftPackageReference "TextFieldEffects" */,
			);
			productRefGroup = D1BA58FD2AC330E9007437F4 /* Products */;
			projectDirPath = "";
			projectRoot = "";
			targets = (
				D1BA58FB2AC330E9007437F4 /* Orang */,
			);
		};
/* End PBXProject section */

/* Begin PBXResourcesBuildPhase section */
		D1BA58FA2AC330E9007437F4 /* Resources */ = {
			isa = PBXResourcesBuildPhase;
			buildActionMask = 2147483647;
			files = (
				D1BA590C2AC330EA007437F4 /* LaunchScreen.storyboard in Resources */,
				D1BA59092AC330EA007437F4 /* Assets.xcassets in Resources */,
			);
			runOnlyForDeploymentPostprocessing = 0;
		};
/* End PBXResourcesBuildPhase section */

/* Begin PBXSourcesBuildPhase section */
		D1BA58F82AC330E9007437F4 /* Sources */ = {
			isa = PBXSourcesBuildPhase;
			buildActionMask = 2147483647;
			files = (
				D1BA59042AC330E9007437F4 /* ViewController.swift in Sources */,
				D1BA59002AC330E9007437F4 /* AppDelegate.swift in Sources */,
				D1BA59022AC330E9007437F4 /* SceneDelegate.swift in Sources */,
			);
			runOnlyForDeploymentPostprocessing = 0;
		};
/* End PBXSourcesBuildPhase section */

/* Begin PBXVariantGroup section */
		D1BA590A2AC330EA007437F4 /* LaunchScreen.storyboard */ = {
			isa = PBXVariantGroup;
			children = (
				D1BA590B2AC330EA007437F4 /* Base */,
			);
			name = LaunchScreen.storyboard;
			sourceTree = "<group>";
		};
/* End PBXVariantGroup section */

/* Begin XCBuildConfiguration section */
		D1BA590E2AC330EA007437F4 /* Debug */ = {
			isa = XCBuildConfiguration;
			buildSettings = {
				ALWAYS_SEARCH_USER_PATHS = NO;
				CLANG_ANALYZER_NONNULL = YES;
				CLANG_ANALYZER_NUMBER_OBJECT_CONVERSION = YES_AGGRESSIVE;
				CLANG_CXX_LANGUAGE_STANDARD = "gnu++20";
				CLANG_ENABLE_MODULES = YES;
				CLANG_ENABLE_OBJC_ARC = YES;
				CLANG_ENABLE_OBJC_WEAK = YES;
				CLANG_WARN_BLOCK_CAPTURE_AUTORELEASING = YES;
				CLANG_WARN_BOOL_CONVERSION = YES;
				CLANG_WARN_COMMA = YES;
				CLANG_WARN_CONSTANT_CONVERSION = YES;
				CLANG_WARN_DEPRECATED_OBJC_IMPLEMENTATIONS = YES;
				CLANG_WARN_DIRECT_OBJC_ISA_USAGE = YES_ERROR;
				CLANG_WARN_DOCUMENTATION_COMMENTS = YES;
				CLANG_WARN_EMPTY_BODY = YES;
				CLANG_WARN_ENUM_CONVERSION = YES;
				CLANG_WARN_INFINITE_RECURSION = YES;
				CLANG_WARN_INT_CONVERSION = YES;
				CLANG_WARN_NON_LITERAL_NULL_CONVERSION = YES;
				CLANG_WARN_OBJC_IMPLICIT_RETAIN_SELF = YES;
				CLANG_WARN_OBJC_LITERAL_CONVERSION = YES;
				CLANG_WARN_OBJC_ROOT_CLASS = YES_ERROR;
				CLANG_WARN_QUOTED_INCLUDE_IN_FRAMEWORK_HEADER = YES;
				CLANG_WARN_RANGE_LOOP_ANALYSIS = YES;
				CLANG_WARN_STRICT_PROTOTYPES = YES;
				CLANG_WARN_SUSPICIOUS_MOVE = YES;
				CLANG_WARN_UNGUARDED_AVAILABILITY = YES_AGGRESSIVE;
				CLANG_WARN_UNREACHABLE_CODE = YES;
				CLANG_WARN__DUPLICATE_METHOD_MATCH = YES;
				COPY_PHASE_STRIP = NO;
				DEBUG_INFORMATION_FORMAT = dwarf;
				ENABLE_STRICT_OBJC_MSGSEND = YES;
				ENABLE_TESTABILITY = YES;
				GCC_C_LANGUAGE_STANDARD = gnu11;
				GCC_DYNAMIC_NO_PIC = NO;
				GCC_NO_COMMON_BLOCKS = YES;
				GCC_OPTIMIZATION_LEVEL = 0;
				GCC_PREPROCESSOR_DEFINITIONS = (
					"DEBUG=1",
					"$(inherited)",
				);
				GCC_WARN_64_TO_32_BIT_CONVERSION = YES;
				GCC_WARN_ABOUT_RETURN_TYPE = YES_ERROR;
				GCC_WARN_UNDECLARED_SELECTOR = YES;
				GCC_WARN_UNINITIALIZED_AUTOS = YES_AGGRESSIVE;
				GCC_WARN_UNUSED_FUNCTION = YES;
				GCC_WARN_UNUSED_VARIABLE = YES;
				IPHONEOS_DEPLOYMENT_TARGET = 16.4;
				MTL_ENABLE_DEBUG_INFO = INCLUDE_SOURCE;
				MTL_FAST_MATH = YES;
				ONLY_ACTIVE_ARCH = YES;
				SDKROOT = iphoneos;
				SWIFT_ACTIVE_COMPILATION_CONDITIONS = DEBUG;
				SWIFT_OPTIMIZATION_LEVEL = "-Onone";
			};
			name = Debug;
		};
		D1BA590F2AC330EA007437F4 /* Release */ = {
			isa = XCBuildConfiguration;
			buildSettings = {
				ALWAYS_SEARCH_USER_PATHS = NO;
				CLANG_ANALYZER_NONNULL = YES;
				CLANG_ANALYZER_NUMBER_OBJECT_CONVERSION = YES_AGGRESSIVE;
				CLANG_CXX_LANGUAGE_STANDARD = "gnu++20";
				CLANG_ENABLE_MODULES = YES;
				CLANG_ENABLE_OBJC_ARC = YES;
				CLANG_ENABLE_OBJC_WEAK = YES;
				CLANG_WARN_BLOCK_CAPTURE_AUTORELEASING = YES;
				CLANG_WARN_BOOL_CONVERSION = YES;
				CLANG_WARN_COMMA = YES;
				CLANG_WARN_CONSTANT_CONVERSION = YES;
				CLANG_WARN_DEPRECATED_OBJC_IMPLEMENTATIONS = YES;
				CLANG_WARN_DIRECT_OBJC_ISA_USAGE = YES_ERROR;
				CLANG_WARN_DOCUMENTATION_COMMENTS = YES;
				CLANG_WARN_EMPTY_BODY = YES;
				CLANG_WARN_ENUM_CONVERSION = YES;
				CLANG_WARN_INFINITE_RECURSION = YES;
				CLANG_WARN_INT_CONVERSION = YES;
				CLANG_WARN_NON_LITERAL_NULL_CONVERSION = YES;
				CLANG_WARN_OBJC_IMPLICIT_RETAIN_SELF = YES;
				CLANG_WARN_OBJC_LITERAL_CONVERSION = YES;
				CLANG_WARN_OBJC_ROOT_CLASS = YES_ERROR;
				CLANG_WARN_QUOTED_INCLUDE_IN_FRAMEWORK_HEADER = YES;
				CLANG_WARN_RANGE_LOOP_ANALYSIS = YES;
				CLANG_WARN_STRICT_PROTOTYPES = YES;
				CLANG_WARN_SUSPICIOUS_MOVE = YES;
				CLANG_WARN_UNGUARDED_AVAILABILITY = YES_AGGRESSIVE;
				CLANG_WARN_UNREACHABLE_CODE = YES;
				CLANG_WARN__DUPLICATE_METHOD_MATCH = YES;
				COPY_PHASE_STRIP = NO;
				DEBUG_INFORMATION_FORMAT = "dwarf-with-dsym";
				ENABLE_NS_ASSERTIONS = NO;
				ENABLE_STRICT_OBJC_MSGSEND = YES;
				GCC_C_LANGUAGE_STANDARD = gnu11;
				GCC_NO_COMMON_BLOCKS = YES;
				GCC_WARN_64_TO_32_BIT_CONVERSION = YES;
				GCC_WARN_ABOUT_RETURN_TYPE = YES_ERROR;
				GCC_WARN_UNDECLARED_SELECTOR = YES;
				GCC_WARN_UNINITIALIZED_AUTOS = YES_AGGRESSIVE;
				GCC_WARN_UNUSED_FUNCTION = YES;
				GCC_WARN_UNUSED_VARIABLE = YES;
				IPHONEOS_DEPLOYMENT_TARGET = 16.4;
				MTL_ENABLE_DEBUG_INFO = NO;
				MTL_FAST_MATH = YES;
				SDKROOT = iphoneos;
				SWIFT_COMPILATION_MODE = wholemodule;
				SWIFT_OPTIMIZATION_LEVEL = "-O";
				VALIDATE_PRODUCT = YES;
			};
			name = Release;
		};
		D1BA59112AC330EA007437F4 /* Debug */ = {
			isa = XCBuildConfiguration;
			buildSettings = {
				ASSETCATALOG_COMPILER_APPICON_NAME = AppIcon;
				ASSETCATALOG_COMPILER_GLOBAL_ACCENT_COLOR_NAME = AccentColor;
				CODE_SIGN_STYLE = Automatic;
				CURRENT_PROJECT_VERSION = 1;
				DEVELOPMENT_TEAM = X686YG6VXT;
				GENERATE_INFOPLIST_FILE = YES;
				INFOPLIST_FILE = Orang/Info.plist;
				INFOPLIST_KEY_CFBundleDisplayName = Orang;
				INFOPLIST_KEY_UIApplicationSupportsIndirectInputEvents = YES;
				INFOPLIST_KEY_UILaunchStoryboardName = LaunchScreen;
				INFOPLIST_KEY_UISupportedInterfaceOrientations = UIInterfaceOrientationPortrait;
				INFOPLIST_KEY_UISupportedInterfaceOrientations_iPad = "UIInterfaceOrientationLandscapeLeft UIInterfaceOrientationLandscapeRight UIInterfaceOrientationPortrait UIInterfaceOrientationPortraitUpsideDown";
				IPHONEOS_DEPLOYMENT_TARGET = 14.0;
				LD_RUNPATH_SEARCH_PATHS = (
					"$(inherited)",
					"@executable_path/Frameworks",
				);
				MARKETING_VERSION = 1.0;
				PRODUCT_BUNDLE_IDENTIFIER = com.yeoni.Orang;
				PRODUCT_NAME = "$(TARGET_NAME)";
				SUPPORTED_PLATFORMS = "iphoneos iphonesimulator";
				SUPPORTS_MACCATALYST = NO;
				SUPPORTS_MAC_DESIGNED_FOR_IPHONE_IPAD = NO;
				SWIFT_EMIT_LOC_STRINGS = YES;
				SWIFT_VERSION = 5.0;
				TARGETED_DEVICE_FAMILY = 1;
			};
			name = Debug;
		};
		D1BA59122AC330EA007437F4 /* Release */ = {
			isa = XCBuildConfiguration;
			buildSettings = {
				ASSETCATALOG_COMPILER_APPICON_NAME = AppIcon;
				ASSETCATALOG_COMPILER_GLOBAL_ACCENT_COLOR_NAME = AccentColor;
				CODE_SIGN_STYLE = Automatic;
				CURRENT_PROJECT_VERSION = 1;
				DEVELOPMENT_TEAM = X686YG6VXT;
				GENERATE_INFOPLIST_FILE = YES;
				INFOPLIST_FILE = Orang/Info.plist;
				INFOPLIST_KEY_CFBundleDisplayName = Orang;
				INFOPLIST_KEY_UIApplicationSupportsIndirectInputEvents = YES;
				INFOPLIST_KEY_UILaunchStoryboardName = LaunchScreen;
				INFOPLIST_KEY_UISupportedInterfaceOrientations = UIInterfaceOrientationPortrait;
				INFOPLIST_KEY_UISupportedInterfaceOrientations_iPad = "UIInterfaceOrientationLandscapeLeft UIInterfaceOrientationLandscapeRight UIInterfaceOrientationPortrait UIInterfaceOrientationPortraitUpsideDown";
				IPHONEOS_DEPLOYMENT_TARGET = 14.0;
				LD_RUNPATH_SEARCH_PATHS = (
					"$(inherited)",
					"@executable_path/Frameworks",
				);
				MARKETING_VERSION = 1.0;
				PRODUCT_BUNDLE_IDENTIFIER = com.yeoni.Orang;
				PRODUCT_NAME = "$(TARGET_NAME)";
				SUPPORTED_PLATFORMS = "iphoneos iphonesimulator";
				SUPPORTS_MACCATALYST = NO;
				SUPPORTS_MAC_DESIGNED_FOR_IPHONE_IPAD = NO;
				SWIFT_EMIT_LOC_STRINGS = YES;
				SWIFT_VERSION = 5.0;
				TARGETED_DEVICE_FAMILY = 1;
			};
			name = Release;
		};
/* End XCBuildConfiguration section */

/* Begin XCConfigurationList section */
		D1BA58F72AC330E9007437F4 /* Build configuration list for PBXProject "Orang" */ = {
			isa = XCConfigurationList;
			buildConfigurations = (
				D1BA590E2AC330EA007437F4 /* Debug */,
				D1BA590F2AC330EA007437F4 /* Release */,
			);
			defaultConfigurationIsVisible = 0;
			defaultConfigurationName = Release;
		};
		D1BA59102AC330EA007437F4 /* Build configuration list for PBXNativeTarget "Orang" */ = {
			isa = XCConfigurationList;
			buildConfigurations = (
				D1BA59112AC330EA007437F4 /* Debug */,
				D1BA59122AC330EA007437F4 /* Release */,
			);
			defaultConfigurationIsVisible = 0;
			defaultConfigurationName = Release;
		};
/* End XCConfigurationList section */

/* Begin XCRemoteSwiftPackageReference section */
		D1BA59132AC3317B007437F4 /* XCRemoteSwiftPackageReference "Alamofire" */ = {
			isa = XCRemoteSwiftPackageReference;
			repositoryURL = "https://github.com/Alamofire/Alamofire";
			requirement = {
				kind = upToNextMajorVersion;
				minimumVersion = 5.0.0;
			};
		};
		D1BA59162AC33185007437F4 /* XCRemoteSwiftPackageReference "SnapKit" */ = {
			isa = XCRemoteSwiftPackageReference;
			repositoryURL = "https://github.com/SnapKit/SnapKit.git";
			requirement = {
				kind = upToNextMajorVersion;
				minimumVersion = 5.0.0;
			};
		};
		D1BA59192AC331C3007437F4 /* XCRemoteSwiftPackageReference "realm-swift" */ = {
			isa = XCRemoteSwiftPackageReference;
			repositoryURL = "https://github.com/realm/realm-swift.git";
			requirement = {
				branch = master;
				kind = branch;
			};
		};
		D1BA591E2AC331DA007437F4 /* XCRemoteSwiftPackageReference "TextFieldEffects" */ = {
			isa = XCRemoteSwiftPackageReference;
			repositoryURL = "https://github.com/raulriera/TextFieldEffects.git";
			requirement = {
				kind = upToNextMajorVersion;
				minimumVersion = 1.0.0;
			};
		};
/* End XCRemoteSwiftPackageReference section */

/* Begin XCSwiftPackageProductDependency section */
		D1BA59142AC3317B007437F4 /* Alamofire */ = {
			isa = XCSwiftPackageProductDependency;
			package = D1BA59132AC3317B007437F4 /* XCRemoteSwiftPackageReference "Alamofire" */;
			productName = Alamofire;
		};
		D1BA59172AC33185007437F4 /* SnapKit */ = {
			isa = XCSwiftPackageProductDependency;
			package = D1BA59162AC33185007437F4 /* XCRemoteSwiftPackageReference "SnapKit" */;
			productName = SnapKit;
		};
		D1BA591A2AC331C3007437F4 /* Realm */ = {
			isa = XCSwiftPackageProductDependency;
			package = D1BA59192AC331C3007437F4 /* XCRemoteSwiftPackageReference "realm-swift" */;
			productName = Realm;
		};
		D1BA591C2AC331C3007437F4 /* RealmSwift */ = {
			isa = XCSwiftPackageProductDependency;
			package = D1BA59192AC331C3007437F4 /* XCRemoteSwiftPackageReference "realm-swift" */;
			productName = RealmSwift;
		};
		D1BA591F2AC331DA007437F4 /* TextFieldEffects */ = {
			isa = XCSwiftPackageProductDependency;
			package = D1BA591E2AC331DA007437F4 /* XCRemoteSwiftPackageReference "TextFieldEffects" */;
			productName = TextFieldEffects;
		};
/* End XCSwiftPackageProductDependency section */
	};
	rootObject = D1BA58F42AC330E9007437F4 /* Project object */;
}
