// !$*UTF8*$!
{
	archiveVersion = 1;
	classes = {
	};
	objectVersion = 56;
	objects = {

/* Begin PBXBuildFile section */
		D1B52EC02AC9918000477A14 /* IQKeyboardManagerSwift in Frameworks */ = {isa = PBXBuildFile; productRef = D1B52EBF2AC9918000477A14 /* IQKeyboardManagerSwift */; };
		D1B52EC22AC9931F00477A14 /* ButtonBuilder.swift in Sources */ = {isa = PBXBuildFile; fileRef = D1B52EC12AC9931F00477A14 /* ButtonBuilder.swift */; };
		D1B52EC42ACAA53D00477A14 /* UnderlineTextFieldBuilder.swift in Sources */ = {isa = PBXBuildFile; fileRef = D1B52EC32ACAA53D00477A14 /* UnderlineTextFieldBuilder.swift */; };
		D1B52EC62ACAE1D000477A14 /* PetTableRepository.swift in Sources */ = {isa = PBXBuildFile; fileRef = D1B52EC52ACAE1D000477A14 /* PetTableRepository.swift */; };
		D1B52EC92ACAFC3700477A14 /* ImageManager.swift in Sources */ = {isa = PBXBuildFile; fileRef = D1B52EC82ACAFC3700477A14 /* ImageManager.swift */; };
		D1B52ECC2ACBDC7F00477A14 /* DatePicker+.swift in Sources */ = {isa = PBXBuildFile; fileRef = D1B52ECB2ACBDC7F00477A14 /* DatePicker+.swift */; };
		D1B52ED12ACBED4900477A14 /* RecordViewController.swift in Sources */ = {isa = PBXBuildFile; fileRef = D1B52ED02ACBED4900477A14 /* RecordViewController.swift */; };
		D1B52ED32ACBEE3B00477A14 /* AlertViewController.swift in Sources */ = {isa = PBXBuildFile; fileRef = D1B52ED22ACBEE3B00477A14 /* AlertViewController.swift */; };
		D1B52EFE2ACDC48E00477A14 /* ViewController+.swift in Sources */ = {isa = PBXBuildFile; fileRef = D1B52EFD2ACDC48E00477A14 /* ViewController+.swift */; };
		D1B52F002ACE79CF00477A14 /* BaseCollectionViewCell.swift in Sources */ = {isa = PBXBuildFile; fileRef = D1B52EFF2ACE79CF00477A14 /* BaseCollectionViewCell.swift */; };
		D1BA59002AC330E9007437F4 /* AppDelegate.swift in Sources */ = {isa = PBXBuildFile; fileRef = D1BA58FF2AC330E9007437F4 /* AppDelegate.swift */; };
		D1BA59022AC330E9007437F4 /* SceneDelegate.swift in Sources */ = {isa = PBXBuildFile; fileRef = D1BA59012AC330E9007437F4 /* SceneDelegate.swift */; };
		D1BA59042AC330E9007437F4 /* ProfileViewController.swift in Sources */ = {isa = PBXBuildFile; fileRef = D1BA59032AC330E9007437F4 /* ProfileViewController.swift */; };
		D1BA59092AC330EA007437F4 /* Assets.xcassets in Resources */ = {isa = PBXBuildFile; fileRef = D1BA59082AC330EA007437F4 /* Assets.xcassets */; };
		D1BA590C2AC330EA007437F4 /* LaunchScreen.storyboard in Resources */ = {isa = PBXBuildFile; fileRef = D1BA590A2AC330EA007437F4 /* LaunchScreen.storyboard */; };
		D1BA59152AC3317B007437F4 /* Alamofire in Frameworks */ = {isa = PBXBuildFile; productRef = D1BA59142AC3317B007437F4 /* Alamofire */; };
		D1BA59182AC33185007437F4 /* SnapKit in Frameworks */ = {isa = PBXBuildFile; productRef = D1BA59172AC33185007437F4 /* SnapKit */; };
		D1BA591B2AC331C3007437F4 /* Realm in Frameworks */ = {isa = PBXBuildFile; productRef = D1BA591A2AC331C3007437F4 /* Realm */; };
		D1BA591D2AC331C3007437F4 /* RealmSwift in Frameworks */ = {isa = PBXBuildFile; productRef = D1BA591C2AC331C3007437F4 /* RealmSwift */; };
		D1BA59272AC3329C007437F4 /* BaseViewController.swift in Sources */ = {isa = PBXBuildFile; fileRef = D1BA59262AC3329C007437F4 /* BaseViewController.swift */; };
		D1BA592B2AC332C5007437F4 /* BaseTableViewCell.swift in Sources */ = {isa = PBXBuildFile; fileRef = D1BA592A2AC332C5007437F4 /* BaseTableViewCell.swift */; };
		D1BA592E2AC334E3007437F4 /* reusableViewProtocol.swift in Sources */ = {isa = PBXBuildFile; fileRef = D1BA592D2AC334E3007437F4 /* reusableViewProtocol.swift */; };
		D1BA59322AC3F1FF007437F4 /* ProfileTableViewCell.swift in Sources */ = {isa = PBXBuildFile; fileRef = D1BA59312AC3F1FF007437F4 /* ProfileTableViewCell.swift */; };
		D1BA59352AC6B887007437F4 /* LabelBuilder.swift in Sources */ = {isa = PBXBuildFile; fileRef = D1BA59342AC6B887007437F4 /* LabelBuilder.swift */; };
		D1BA59372AC6B898007437F4 /* ViewAppearance.swift in Sources */ = {isa = PBXBuildFile; fileRef = D1BA59362AC6B898007437F4 /* ViewAppearance.swift */; };
		D1BA593E2AC6FC2F007437F4 /* StackViewBuilder.swift in Sources */ = {isa = PBXBuildFile; fileRef = D1BA593D2AC6FC2F007437F4 /* StackViewBuilder.swift */; };
		D1BA59402AC71147007437F4 /* ImageViewBuilder.swift in Sources */ = {isa = PBXBuildFile; fileRef = D1BA593F2AC71147007437F4 /* ImageViewBuilder.swift */; };
		D1BA59432AC7364D007437F4 /* PetTable.swift in Sources */ = {isa = PBXBuildFile; fileRef = D1BA59422AC7364D007437F4 /* PetTable.swift */; };
		D1BA59452AC7395D007437F4 /* Pet.swift in Sources */ = {isa = PBXBuildFile; fileRef = D1BA59442AC7395D007437F4 /* Pet.swift */; };
		D1BA59472AC73CEB007437F4 /* addViewController.swift in Sources */ = {isa = PBXBuildFile; fileRef = D1BA59462AC73CEB007437F4 /* addViewController.swift */; };
		D1BA594C2AC82901007437F4 /* ColorSet.swift in Sources */ = {isa = PBXBuildFile; fileRef = D1BA594B2AC82901007437F4 /* ColorSet.swift */; };
		D1BA59502AC82B4C007437F4 /* Localizable.strings in Resources */ = {isa = PBXBuildFile; fileRef = D1BA59522AC82B4C007437F4 /* Localizable.strings */; };
		D1BA59572AC82D08007437F4 /* String+.swift in Sources */ = {isa = PBXBuildFile; fileRef = D1BA59562AC82D08007437F4 /* String+.swift */; };
/* End PBXBuildFile section */

/* Begin PBXFileReference section */
		D1B52EC12AC9931F00477A14 /* ButtonBuilder.swift */ = {isa = PBXFileReference; lastKnownFileType = sourcecode.swift; path = ButtonBuilder.swift; sourceTree = "<group>"; };
		D1B52EC32ACAA53D00477A14 /* UnderlineTextFieldBuilder.swift */ = {isa = PBXFileReference; lastKnownFileType = sourcecode.swift; path = UnderlineTextFieldBuilder.swift; sourceTree = "<group>"; };
		D1B52EC52ACAE1D000477A14 /* PetTableRepository.swift */ = {isa = PBXFileReference; lastKnownFileType = sourcecode.swift; path = PetTableRepository.swift; sourceTree = "<group>"; };
		D1B52EC82ACAFC3700477A14 /* ImageManager.swift */ = {isa = PBXFileReference; lastKnownFileType = sourcecode.swift; path = ImageManager.swift; sourceTree = "<group>"; };
		D1B52ECB2ACBDC7F00477A14 /* DatePicker+.swift */ = {isa = PBXFileReference; lastKnownFileType = sourcecode.swift; path = "DatePicker+.swift"; sourceTree = "<group>"; };
		D1B52ED02ACBED4900477A14 /* RecordViewController.swift */ = {isa = PBXFileReference; lastKnownFileType = sourcecode.swift; path = RecordViewController.swift; sourceTree = "<group>"; };
		D1B52ED22ACBEE3B00477A14 /* AlertViewController.swift */ = {isa = PBXFileReference; lastKnownFileType = sourcecode.swift; path = AlertViewController.swift; sourceTree = "<group>"; };
		D1B52EFD2ACDC48E00477A14 /* ViewController+.swift */ = {isa = PBXFileReference; lastKnownFileType = sourcecode.swift; path = "ViewController+.swift"; sourceTree = "<group>"; };
		D1B52EFF2ACE79CF00477A14 /* BaseCollectionViewCell.swift */ = {isa = PBXFileReference; lastKnownFileType = sourcecode.swift; path = BaseCollectionViewCell.swift; sourceTree = "<group>"; };
		D1BA58FC2AC330E9007437F4 /* Orang.app */ = {isa = PBXFileReference; explicitFileType = wrapper.application; includeInIndex = 0; path = Orang.app; sourceTree = BUILT_PRODUCTS_DIR; };
		D1BA58FF2AC330E9007437F4 /* AppDelegate.swift */ = {isa = PBXFileReference; lastKnownFileType = sourcecode.swift; path = AppDelegate.swift; sourceTree = "<group>"; };
		D1BA59012AC330E9007437F4 /* SceneDelegate.swift */ = {isa = PBXFileReference; lastKnownFileType = sourcecode.swift; path = SceneDelegate.swift; sourceTree = "<group>"; };
		D1BA59032AC330E9007437F4 /* ProfileViewController.swift */ = {isa = PBXFileReference; lastKnownFileType = sourcecode.swift; path = ProfileViewController.swift; sourceTree = "<group>"; };
		D1BA59082AC330EA007437F4 /* Assets.xcassets */ = {isa = PBXFileReference; lastKnownFileType = folder.assetcatalog; path = Assets.xcassets; sourceTree = "<group>"; };
		D1BA590B2AC330EA007437F4 /* Base */ = {isa = PBXFileReference; lastKnownFileType = file.storyboard; name = Base; path = Base.lproj/LaunchScreen.storyboard; sourceTree = "<group>"; };
		D1BA590D2AC330EA007437F4 /* Info.plist */ = {isa = PBXFileReference; lastKnownFileType = text.plist.xml; path = Info.plist; sourceTree = "<group>"; };
		D1BA59262AC3329C007437F4 /* BaseViewController.swift */ = {isa = PBXFileReference; lastKnownFileType = sourcecode.swift; path = BaseViewController.swift; sourceTree = "<group>"; };
		D1BA592A2AC332C5007437F4 /* BaseTableViewCell.swift */ = {isa = PBXFileReference; lastKnownFileType = sourcecode.swift; path = BaseTableViewCell.swift; sourceTree = "<group>"; };
		D1BA592D2AC334E3007437F4 /* reusableViewProtocol.swift */ = {isa = PBXFileReference; lastKnownFileType = sourcecode.swift; path = reusableViewProtocol.swift; sourceTree = "<group>"; };
		D1BA59312AC3F1FF007437F4 /* ProfileTableViewCell.swift */ = {isa = PBXFileReference; lastKnownFileType = sourcecode.swift; path = ProfileTableViewCell.swift; sourceTree = "<group>"; };
		D1BA59342AC6B887007437F4 /* LabelBuilder.swift */ = {isa = PBXFileReference; lastKnownFileType = sourcecode.swift; path = LabelBuilder.swift; sourceTree = "<group>"; };
		D1BA59362AC6B898007437F4 /* ViewAppearance.swift */ = {isa = PBXFileReference; lastKnownFileType = sourcecode.swift; path = ViewAppearance.swift; sourceTree = "<group>"; };
		D1BA593D2AC6FC2F007437F4 /* StackViewBuilder.swift */ = {isa = PBXFileReference; lastKnownFileType = sourcecode.swift; path = StackViewBuilder.swift; sourceTree = "<group>"; };
		D1BA593F2AC71147007437F4 /* ImageViewBuilder.swift */ = {isa = PBXFileReference; lastKnownFileType = sourcecode.swift; path = ImageViewBuilder.swift; sourceTree = "<group>"; };
		D1BA59422AC7364D007437F4 /* PetTable.swift */ = {isa = PBXFileReference; lastKnownFileType = sourcecode.swift; path = PetTable.swift; sourceTree = "<group>"; };
		D1BA59442AC7395D007437F4 /* Pet.swift */ = {isa = PBXFileReference; lastKnownFileType = sourcecode.swift; path = Pet.swift; sourceTree = "<group>"; };
		D1BA59462AC73CEB007437F4 /* addViewController.swift */ = {isa = PBXFileReference; lastKnownFileType = sourcecode.swift; path = addViewController.swift; sourceTree = "<group>"; };
		D1BA594B2AC82901007437F4 /* ColorSet.swift */ = {isa = PBXFileReference; lastKnownFileType = sourcecode.swift; path = ColorSet.swift; sourceTree = "<group>"; };
		D1BA59512AC82B4C007437F4 /* en */ = {isa = PBXFileReference; lastKnownFileType = text.plist.strings; name = en; path = en.lproj/Localizable.strings; sourceTree = "<group>"; };
		D1BA59542AC82BD3007437F4 /* ko */ = {isa = PBXFileReference; lastKnownFileType = text.plist.strings; name = ko; path = ko.lproj/Localizable.strings; sourceTree = "<group>"; };
		D1BA59562AC82D08007437F4 /* String+.swift */ = {isa = PBXFileReference; lastKnownFileType = sourcecode.swift; path = "String+.swift"; sourceTree = "<group>"; };
/* End PBXFileReference section */

/* Begin PBXFrameworksBuildPhase section */
		D1BA58F92AC330E9007437F4 /* Frameworks */ = {
			isa = PBXFrameworksBuildPhase;
			buildActionMask = 2147483647;
			files = (
				D1BA591D2AC331C3007437F4 /* RealmSwift in Frameworks */,
				D1BA591B2AC331C3007437F4 /* Realm in Frameworks */,
				D1BA59152AC3317B007437F4 /* Alamofire in Frameworks */,
				D1BA59182AC33185007437F4 /* SnapKit in Frameworks */,
				D1B52EC02AC9918000477A14 /* IQKeyboardManagerSwift in Frameworks */,
			);
			runOnlyForDeploymentPostprocessing = 0;
		};
/* End PBXFrameworksBuildPhase section */

/* Begin PBXGroup section */
		D1B52EC72ACAFC2100477A14 /* ImageManager */ = {
			isa = PBXGroup;
			children = (
				D1B52EC82ACAFC3700477A14 /* ImageManager.swift */,
			);
			path = ImageManager;
			sourceTree = "<group>";
		};
		D1B52ECA2ACBDC7000477A14 /* Extension */ = {
			isa = PBXGroup;
			children = (
				D1B52EFD2ACDC48E00477A14 /* ViewController+.swift */,
				D1B52ECB2ACBDC7F00477A14 /* DatePicker+.swift */,
			);
			path = Extension;
			sourceTree = "<group>";
		};
		D1B52ECD2ACBE7FF00477A14 /* Application */ = {
			isa = PBXGroup;
			children = (
				D1BA58FF2AC330E9007437F4 /* AppDelegate.swift */,
				D1BA59012AC330E9007437F4 /* SceneDelegate.swift */,
			);
			path = Application;
			sourceTree = "<group>";
		};
		D1B52ECE2ACBED2400477A14 /* Record */ = {
			isa = PBXGroup;
			children = (
				D1B52ED02ACBED4900477A14 /* RecordViewController.swift */,
			);
			path = Record;
			sourceTree = "<group>";
		};
		D1B52ECF2ACBED3400477A14 /* Alert */ = {
			isa = PBXGroup;
			children = (
				D1B52ED22ACBEE3B00477A14 /* AlertViewController.swift */,
			);
			path = Alert;
			sourceTree = "<group>";
		};
		D1BA58F32AC330E9007437F4 = {
			isa = PBXGroup;
			children = (
				D1BA58FE2AC330E9007437F4 /* Orang */,
				D1BA58FD2AC330E9007437F4 /* Products */,
			);
			sourceTree = "<group>";
		};
		D1BA58FD2AC330E9007437F4 /* Products */ = {
			isa = PBXGroup;
			children = (
				D1BA58FC2AC330E9007437F4 /* Orang.app */,
			);
			name = Products;
			sourceTree = "<group>";
		};
		D1BA58FE2AC330E9007437F4 /* Orang */ = {
			isa = PBXGroup;
			children = (
				D1B52ECD2ACBE7FF00477A14 /* Application */,
				D1BA59212AC33249007437F4 /* Scene */,
				D1BA59222AC33256007437F4 /* Module */,
				D1BA594D2AC82ADC007437F4 /* Localization */,
				D1BA59082AC330EA007437F4 /* Assets.xcassets */,
				D1BA590A2AC330EA007437F4 /* LaunchScreen.storyboard */,
				D1BA590D2AC330EA007437F4 /* Info.plist */,
			);
			path = Orang;
			sourceTree = "<group>";
		};
		D1BA59212AC33249007437F4 /* Scene */ = {
			isa = PBXGroup;
			children = (
				D1BA59252AC33293007437F4 /* Base */,
				D1B52ECF2ACBED3400477A14 /* Alert */,
				D1B52ECE2ACBED2400477A14 /* Record */,
				D1BA592F2AC3EE40007437F4 /* Profile */,
			);
			path = Scene;
			sourceTree = "<group>";
		};
		D1BA59222AC33256007437F4 /* Module */ = {
			isa = PBXGroup;
			children = (
				D1B52ECA2ACBDC7000477A14 /* Extension */,
				D1BA594A2AC828F7007437F4 /* Design */,
				D1BA59302AC3EE4D007437F4 /* Data */,
				D1BA59412AC73614007437F4 /* Realm */,
				D1B52EC72ACAFC2100477A14 /* ImageManager */,
				D1BA593C2AC6F8F4007437F4 /* Protocol */,
			);
			path = Module;
			sourceTree = "<group>";
		};
		D1BA59252AC33293007437F4 /* Base */ = {
			isa = PBXGroup;
			children = (
				D1BA59262AC3329C007437F4 /* BaseViewController.swift */,
				D1BA592A2AC332C5007437F4 /* BaseTableViewCell.swift */,
				D1B52EFF2ACE79CF00477A14 /* BaseCollectionViewCell.swift */,
				D1BA592C2AC334D0007437F4 /* Protocol */,
				D1BA59332AC6B87C007437F4 /* Builder */,
			);
			path = Base;
			sourceTree = "<group>";
		};
		D1BA592C2AC334D0007437F4 /* Protocol */ = {
			isa = PBXGroup;
			children = (
				D1BA592D2AC334E3007437F4 /* reusableViewProtocol.swift */,
			);
			path = Protocol;
			sourceTree = "<group>";
		};
		D1BA592F2AC3EE40007437F4 /* Profile */ = {
			isa = PBXGroup;
			children = (
				D1BA59032AC330E9007437F4 /* ProfileViewController.swift */,
				D1BA59312AC3F1FF007437F4 /* ProfileTableViewCell.swift */,
				D1BA59462AC73CEB007437F4 /* addViewController.swift */,
			);
			path = Profile;
			sourceTree = "<group>";
		};
		D1BA59302AC3EE4D007437F4 /* Data */ = {
			isa = PBXGroup;
			children = (
				D1BA59442AC7395D007437F4 /* Pet.swift */,
			);
			path = Data;
			sourceTree = "<group>";
		};
		D1BA59332AC6B87C007437F4 /* Builder */ = {
			isa = PBXGroup;
			children = (
				D1BA59342AC6B887007437F4 /* LabelBuilder.swift */,
				D1B52EC12AC9931F00477A14 /* ButtonBuilder.swift */,
				D1BA593F2AC71147007437F4 /* ImageViewBuilder.swift */,
				D1BA593D2AC6FC2F007437F4 /* StackViewBuilder.swift */,
				D1BA59362AC6B898007437F4 /* ViewAppearance.swift */,
				D1B52EC32ACAA53D00477A14 /* UnderlineTextFieldBuilder.swift */,
			);
			path = Builder;
			sourceTree = "<group>";
		};
		D1BA593C2AC6F8F4007437F4 /* Protocol */ = {
			isa = PBXGroup;
			children = (
			);
			path = Protocol;
			sourceTree = "<group>";
		};
		D1BA59412AC73614007437F4 /* Realm */ = {
			isa = PBXGroup;
			children = (
				D1BA59422AC7364D007437F4 /* PetTable.swift */,
				D1B52EC52ACAE1D000477A14 /* PetTableRepository.swift */,
			);
			path = Realm;
			sourceTree = "<group>";
		};
		D1BA594A2AC828F7007437F4 /* Design */ = {
			isa = PBXGroup;
			children = (
				D1BA594B2AC82901007437F4 /* ColorSet.swift */,
			);
			path = Design;
			sourceTree = "<group>";
		};
		D1BA594D2AC82ADC007437F4 /* Localization */ = {
			isa = PBXGroup;
			children = (
				D1BA59552AC82CFC007437F4 /* Extension */,
			);
			path = Localization;
			sourceTree = "<group>";
		};
		D1BA59552AC82CFC007437F4 /* Extension */ = {
			isa = PBXGroup;
			children = (
				D1BA59562AC82D08007437F4 /* String+.swift */,
				D1BA59522AC82B4C007437F4 /* Localizable.strings */,
			);
			path = Extension;
			sourceTree = "<group>";
		};
/* End PBXGroup section */

/* Begin PBXNativeTarget section */
		D1BA58FB2AC330E9007437F4 /* Orang */ = {
			isa = PBXNativeTarget;
			buildConfigurationList = D1BA59102AC330EA007437F4 /* Build configuration list for PBXNativeTarget "Orang" */;
			buildPhases = (
				D1BA58F82AC330E9007437F4 /* Sources */,
				D1BA58F92AC330E9007437F4 /* Frameworks */,
				D1BA58FA2AC330E9007437F4 /* Resources */,
			);
			buildRules = (
			);
			dependencies = (
			);
			name = Orang;
			packageProductDependencies = (
				D1BA59142AC3317B007437F4 /* Alamofire */,
				D1BA59172AC33185007437F4 /* SnapKit */,
				D1BA591A2AC331C3007437F4 /* Realm */,
				D1BA591C2AC331C3007437F4 /* RealmSwift */,
				D1B52EBF2AC9918000477A14 /* IQKeyboardManagerSwift */,
			);
			productName = Orang;
			productReference = D1BA58FC2AC330E9007437F4 /* Orang.app */;
			productType = "com.apple.product-type.application";
		};
/* End PBXNativeTarget section */

/* Begin PBXProject section */
		D1BA58F42AC330E9007437F4 /* Project object */ = {
			isa = PBXProject;
			attributes = {
				BuildIndependentTargetsInParallel = 1;
				LastSwiftUpdateCheck = 1430;
				LastUpgradeCheck = 1430;
				TargetAttributes = {
					D1BA58FB2AC330E9007437F4 = {
						CreatedOnToolsVersion = 14.3.1;
					};
				};
			};
			buildConfigurationList = D1BA58F72AC330E9007437F4 /* Build configuration list for PBXProject "Orang" */;
			compatibilityVersion = "Xcode 14.0";
			developmentRegion = en;
			hasScannedForEncodings = 0;
			knownRegions = (
				en,
				Base,
				ko,
			);
			mainGroup = D1BA58F32AC330E9007437F4;
			packageReferences = (
				D1BA59132AC3317B007437F4 /* XCRemoteSwiftPackageReference "Alamofire" */,
				D1BA59162AC33185007437F4 /* XCRemoteSwiftPackageReference "SnapKit" */,
				D1BA59192AC331C3007437F4 /* XCRemoteSwiftPackageReference "realm-swift" */,
				D1B52EBE2AC9918000477A14 /* XCRemoteSwiftPackageReference "IQKeyboardManager" */,
			);
			productRefGroup = D1BA58FD2AC330E9007437F4 /* Products */;
			projectDirPath = "";
			projectRoot = "";
			targets = (
				D1BA58FB2AC330E9007437F4 /* Orang */,
			);
		};
/* End PBXProject section */

/* Begin PBXResourcesBuildPhase section */
		D1BA58FA2AC330E9007437F4 /* Resources */ = {
			isa = PBXResourcesBuildPhase;
			buildActionMask = 2147483647;
			files = (
				D1BA590C2AC330EA007437F4 /* LaunchScreen.storyboard in Resources */,
				D1BA59502AC82B4C007437F4 /* Localizable.strings in Resources */,
				D1BA59092AC330EA007437F4 /* Assets.xcassets in Resources */,
			);
			runOnlyForDeploymentPostprocessing = 0;
		};
/* End PBXResourcesBuildPhase section */

/* Begin PBXSourcesBuildPhase section */
		D1BA58F82AC330E9007437F4 /* Sources */ = {
			isa = PBXSourcesBuildPhase;
			buildActionMask = 2147483647;
			files = (
				D1BA59472AC73CEB007437F4 /* addViewController.swift in Sources */,
				D1BA59322AC3F1FF007437F4 /* ProfileTableViewCell.swift in Sources */,
				D1BA593E2AC6FC2F007437F4 /* StackViewBuilder.swift in Sources */,
				D1B52EC42ACAA53D00477A14 /* UnderlineTextFieldBuilder.swift in Sources */,
				D1BA59042AC330E9007437F4 /* ProfileViewController.swift in Sources */,
				D1B52ED12ACBED4900477A14 /* RecordViewController.swift in Sources */,
				D1BA594C2AC82901007437F4 /* ColorSet.swift in Sources */,
				D1BA59272AC3329C007437F4 /* BaseViewController.swift in Sources */,
				D1B52ECC2ACBDC7F00477A14 /* DatePicker+.swift in Sources */,
				D1BA59402AC71147007437F4 /* ImageViewBuilder.swift in Sources */,
				D1BA59352AC6B887007437F4 /* LabelBuilder.swift in Sources */,
				D1B52ED32ACBEE3B00477A14 /* AlertViewController.swift in Sources */,
				D1BA59432AC7364D007437F4 /* PetTable.swift in Sources */,
				D1BA592E2AC334E3007437F4 /* reusableViewProtocol.swift in Sources */,
				D1B52EC92ACAFC3700477A14 /* ImageManager.swift in Sources */,
				D1B52F002ACE79CF00477A14 /* BaseCollectionViewCell.swift in Sources */,
				D1BA59002AC330E9007437F4 /* AppDelegate.swift in Sources */,
				D1BA592B2AC332C5007437F4 /* BaseTableViewCell.swift in Sources */,
				D1BA59372AC6B898007437F4 /* ViewAppearance.swift in Sources */,
				D1B52EFE2ACDC48E00477A14 /* ViewController+.swift in Sources */,
				D1B52EC62ACAE1D000477A14 /* PetTableRepository.swift in Sources */,
				D1B52EC22AC9931F00477A14 /* ButtonBuilder.swift in Sources */,
				D1BA59452AC7395D007437F4 /* Pet.swift in Sources */,
				D1BA59572AC82D08007437F4 /* String+.swift in Sources */,
				D1BA59022AC330E9007437F4 /* SceneDelegate.swift in Sources */,
			);
			runOnlyForDeploymentPostprocessing = 0;
		};
/* End PBXSourcesBuildPhase section */

/* Begin PBXVariantGroup section */
		D1BA590A2AC330EA007437F4 /* LaunchScreen.storyboard */ = {
			isa = PBXVariantGroup;
			children = (
				D1BA590B2AC330EA007437F4 /* Base */,
			);
			name = LaunchScreen.storyboard;
			sourceTree = "<group>";
		};
		D1BA59522AC82B4C007437F4 /* Localizable.strings */ = {
			isa = PBXVariantGroup;
			children = (
				D1BA59512AC82B4C007437F4 /* en */,
				D1BA59542AC82BD3007437F4 /* ko */,
			);
			name = Localizable.strings;
			sourceTree = "<group>";
		};
/* End PBXVariantGroup section */

/* Begin XCBuildConfiguration section */
		D1BA590E2AC330EA007437F4 /* Debug */ = {
			isa = XCBuildConfiguration;
			buildSettings = {
				ALWAYS_SEARCH_USER_PATHS = NO;
				CLANG_ANALYZER_LOCALIZABILITY_NONLOCALIZED = YES;
				CLANG_ANALYZER_NONNULL = YES;
				CLANG_ANALYZER_NUMBER_OBJECT_CONVERSION = YES_AGGRESSIVE;
				CLANG_CXX_LANGUAGE_STANDARD = "gnu++20";
				CLANG_ENABLE_MODULES = YES;
				CLANG_ENABLE_OBJC_ARC = YES;
				CLANG_ENABLE_OBJC_WEAK = YES;
				CLANG_WARN_BLOCK_CAPTURE_AUTORELEASING = YES;
				CLANG_WARN_BOOL_CONVERSION = YES;
				CLANG_WARN_COMMA = YES;
				CLANG_WARN_CONSTANT_CONVERSION = YES;
				CLANG_WARN_DEPRECATED_OBJC_IMPLEMENTATIONS = YES;
				CLANG_WARN_DIRECT_OBJC_ISA_USAGE = YES_ERROR;
				CLANG_WARN_DOCUMENTATION_COMMENTS = YES;
				CLANG_WARN_EMPTY_BODY = YES;
				CLANG_WARN_ENUM_CONVERSION = YES;
				CLANG_WARN_INFINITE_RECURSION = YES;
				CLANG_WARN_INT_CONVERSION = YES;
				CLANG_WARN_NON_LITERAL_NULL_CONVERSION = YES;
				CLANG_WARN_OBJC_IMPLICIT_RETAIN_SELF = YES;
				CLANG_WARN_OBJC_LITERAL_CONVERSION = YES;
				CLANG_WARN_OBJC_ROOT_CLASS = YES_ERROR;
				CLANG_WARN_QUOTED_INCLUDE_IN_FRAMEWORK_HEADER = YES;
				CLANG_WARN_RANGE_LOOP_ANALYSIS = YES;
				CLANG_WARN_STRICT_PROTOTYPES = YES;
				CLANG_WARN_SUSPICIOUS_MOVE = YES;
				CLANG_WARN_UNGUARDED_AVAILABILITY = YES_AGGRESSIVE;
				CLANG_WARN_UNREACHABLE_CODE = YES;
				CLANG_WARN__DUPLICATE_METHOD_MATCH = YES;
				COPY_PHASE_STRIP = NO;
				DEBUG_INFORMATION_FORMAT = dwarf;
				ENABLE_STRICT_OBJC_MSGSEND = YES;
				ENABLE_TESTABILITY = YES;
				GCC_C_LANGUAGE_STANDARD = gnu11;
				GCC_DYNAMIC_NO_PIC = NO;
				GCC_NO_COMMON_BLOCKS = YES;
				GCC_OPTIMIZATION_LEVEL = 0;
				GCC_PREPROCESSOR_DEFINITIONS = (
					"DEBUG=1",
					"$(inherited)",
				);
				GCC_WARN_64_TO_32_BIT_CONVERSION = YES;
				GCC_WARN_ABOUT_RETURN_TYPE = YES_ERROR;
				GCC_WARN_UNDECLARED_SELECTOR = YES;
				GCC_WARN_UNINITIALIZED_AUTOS = YES_AGGRESSIVE;
				GCC_WARN_UNUSED_FUNCTION = YES;
				GCC_WARN_UNUSED_VARIABLE = YES;
				IPHONEOS_DEPLOYMENT_TARGET = 15.0;
				MTL_ENABLE_DEBUG_INFO = INCLUDE_SOURCE;
				MTL_FAST_MATH = YES;
				ONLY_ACTIVE_ARCH = YES;
				SDKROOT = iphoneos;
				SWIFT_ACTIVE_COMPILATION_CONDITIONS = DEBUG;
				SWIFT_OPTIMIZATION_LEVEL = "-Onone";
			};
			name = Debug;
		};
		D1BA590F2AC330EA007437F4 /* Release */ = {
			isa = XCBuildConfiguration;
			buildSettings = {
				ALWAYS_SEARCH_USER_PATHS = NO;
				CLANG_ANALYZER_LOCALIZABILITY_NONLOCALIZED = YES;
				CLANG_ANALYZER_NONNULL = YES;
				CLANG_ANALYZER_NUMBER_OBJECT_CONVERSION = YES_AGGRESSIVE;
				CLANG_CXX_LANGUAGE_STANDARD = "gnu++20";
				CLANG_ENABLE_MODULES = YES;
				CLANG_ENABLE_OBJC_ARC = YES;
				CLANG_ENABLE_OBJC_WEAK = YES;
				CLANG_WARN_BLOCK_CAPTURE_AUTORELEASING = YES;
				CLANG_WARN_BOOL_CONVERSION = YES;
				CLANG_WARN_COMMA = YES;
				CLANG_WARN_CONSTANT_CONVERSION = YES;
				CLANG_WARN_DEPRECATED_OBJC_IMPLEMENTATIONS = YES;
				CLANG_WARN_DIRECT_OBJC_ISA_USAGE = YES_ERROR;
				CLANG_WARN_DOCUMENTATION_COMMENTS = YES;
				CLANG_WARN_EMPTY_BODY = YES;
				CLANG_WARN_ENUM_CONVERSION = YES;
				CLANG_WARN_INFINITE_RECURSION = YES;
				CLANG_WARN_INT_CONVERSION = YES;
				CLANG_WARN_NON_LITERAL_NULL_CONVERSION = YES;
				CLANG_WARN_OBJC_IMPLICIT_RETAIN_SELF = YES;
				CLANG_WARN_OBJC_LITERAL_CONVERSION = YES;
				CLANG_WARN_OBJC_ROOT_CLASS = YES_ERROR;
				CLANG_WARN_QUOTED_INCLUDE_IN_FRAMEWORK_HEADER = YES;
				CLANG_WARN_RANGE_LOOP_ANALYSIS = YES;
				CLANG_WARN_STRICT_PROTOTYPES = YES;
				CLANG_WARN_SUSPICIOUS_MOVE = YES;
				CLANG_WARN_UNGUARDED_AVAILABILITY = YES_AGGRESSIVE;
				CLANG_WARN_UNREACHABLE_CODE = YES;
				CLANG_WARN__DUPLICATE_METHOD_MATCH = YES;
				COPY_PHASE_STRIP = NO;
				DEBUG_INFORMATION_FORMAT = "dwarf-with-dsym";
				ENABLE_NS_ASSERTIONS = NO;
				ENABLE_STRICT_OBJC_MSGSEND = YES;
				GCC_C_LANGUAGE_STANDARD = gnu11;
				GCC_NO_COMMON_BLOCKS = YES;
				GCC_WARN_64_TO_32_BIT_CONVERSION = YES;
				GCC_WARN_ABOUT_RETURN_TYPE = YES_ERROR;
				GCC_WARN_UNDECLARED_SELECTOR = YES;
				GCC_WARN_UNINITIALIZED_AUTOS = YES_AGGRESSIVE;
				GCC_WARN_UNUSED_FUNCTION = YES;
				GCC_WARN_UNUSED_VARIABLE = YES;
				IPHONEOS_DEPLOYMENT_TARGET = 15.0;
				MTL_ENABLE_DEBUG_INFO = NO;
				MTL_FAST_MATH = YES;
				SDKROOT = iphoneos;
				SWIFT_COMPILATION_MODE = wholemodule;
				SWIFT_OPTIMIZATION_LEVEL = "-O";
				VALIDATE_PRODUCT = YES;
			};
			name = Release;
		};
		D1BA59112AC330EA007437F4 /* Debug */ = {
			isa = XCBuildConfiguration;
			buildSettings = {
				ASSETCATALOG_COMPILER_APPICON_NAME = AppIcon;
				ASSETCATALOG_COMPILER_GLOBAL_ACCENT_COLOR_NAME = AccentColor;
				CODE_SIGN_STYLE = Automatic;
				CURRENT_PROJECT_VERSION = 1;
				DEVELOPMENT_TEAM = X686YG6VXT;
				GENERATE_INFOPLIST_FILE = YES;
				INFOPLIST_FILE = Orang/Info.plist;
				INFOPLIST_KEY_CFBundleDisplayName = Orang;
				INFOPLIST_KEY_UIApplicationSupportsIndirectInputEvents = YES;
				INFOPLIST_KEY_UILaunchStoryboardName = LaunchScreen;
				INFOPLIST_KEY_UISupportedInterfaceOrientations = UIInterfaceOrientationPortrait;
				INFOPLIST_KEY_UISupportedInterfaceOrientations_iPad = "UIInterfaceOrientationLandscapeLeft UIInterfaceOrientationLandscapeRight UIInterfaceOrientationPortrait UIInterfaceOrientationPortraitUpsideDown";
				IPHONEOS_DEPLOYMENT_TARGET = 15.0;
				LD_RUNPATH_SEARCH_PATHS = (
					"$(inherited)",
					"@executable_path/Frameworks",
				);
				MARKETING_VERSION = 1.0;
				PRODUCT_BUNDLE_IDENTIFIER = com.yeoni.Orang;
				PRODUCT_NAME = "$(TARGET_NAME)";
				SUPPORTED_PLATFORMS = "iphoneos iphonesimulator";
				SUPPORTS_MACCATALYST = NO;
				SUPPORTS_MAC_DESIGNED_FOR_IPHONE_IPAD = NO;
				SWIFT_EMIT_LOC_STRINGS = YES;
				SWIFT_VERSION = 5.0;
				TARGETED_DEVICE_FAMILY = 1;
			};
			name = Debug;
		};
		D1BA59122AC330EA007437F4 /* Release */ = {
			isa = XCBuildConfiguration;
			buildSettings = {
				ASSETCATALOG_COMPILER_APPICON_NAME = AppIcon;
				ASSETCATALOG_COMPILER_GLOBAL_ACCENT_COLOR_NAME = AccentColor;
				CODE_SIGN_STYLE = Automatic;
				CURRENT_PROJECT_VERSION = 1;
				DEVELOPMENT_TEAM = X686YG6VXT;
				GENERATE_INFOPLIST_FILE = YES;
				INFOPLIST_FILE = Orang/Info.plist;
				INFOPLIST_KEY_CFBundleDisplayName = Orang;
				INFOPLIST_KEY_UIApplicationSupportsIndirectInputEvents = YES;
				INFOPLIST_KEY_UILaunchStoryboardName = LaunchScreen;
				INFOPLIST_KEY_UISupportedInterfaceOrientations = UIInterfaceOrientationPortrait;
				INFOPLIST_KEY_UISupportedInterfaceOrientations_iPad = "UIInterfaceOrientationLandscapeLeft UIInterfaceOrientationLandscapeRight UIInterfaceOrientationPortrait UIInterfaceOrientationPortraitUpsideDown";
				IPHONEOS_DEPLOYMENT_TARGET = 15.0;
				LD_RUNPATH_SEARCH_PATHS = (
					"$(inherited)",
					"@executable_path/Frameworks",
				);
				MARKETING_VERSION = 1.0;
				PRODUCT_BUNDLE_IDENTIFIER = com.yeoni.Orang;
				PRODUCT_NAME = "$(TARGET_NAME)";
				SUPPORTED_PLATFORMS = "iphoneos iphonesimulator";
				SUPPORTS_MACCATALYST = NO;
				SUPPORTS_MAC_DESIGNED_FOR_IPHONE_IPAD = NO;
				SWIFT_EMIT_LOC_STRINGS = YES;
				SWIFT_VERSION = 5.0;
				TARGETED_DEVICE_FAMILY = 1;
			};
			name = Release;
		};
/* End XCBuildConfiguration section */

/* Begin XCConfigurationList section */
		D1BA58F72AC330E9007437F4 /* Build configuration list for PBXProject "Orang" */ = {
			isa = XCConfigurationList;
			buildConfigurations = (
				D1BA590E2AC330EA007437F4 /* Debug */,
				D1BA590F2AC330EA007437F4 /* Release */,
			);
			defaultConfigurationIsVisible = 0;
			defaultConfigurationName = Release;
		};
		D1BA59102AC330EA007437F4 /* Build configuration list for PBXNativeTarget "Orang" */ = {
			isa = XCConfigurationList;
			buildConfigurations = (
				D1BA59112AC330EA007437F4 /* Debug */,
				D1BA59122AC330EA007437F4 /* Release */,
			);
			defaultConfigurationIsVisible = 0;
			defaultConfigurationName = Release;
		};
/* End XCConfigurationList section */

/* Begin XCRemoteSwiftPackageReference section */
		D1B52EBE2AC9918000477A14 /* XCRemoteSwiftPackageReference "IQKeyboardManager" */ = {
			isa = XCRemoteSwiftPackageReference;
			repositoryURL = "https://github.com/hackiftekhar/IQKeyboardManager.git";
			requirement = {
				kind = upToNextMinorVersion;
				minimumVersion = 6.5.0;
			};
		};
		D1BA59132AC3317B007437F4 /* XCRemoteSwiftPackageReference "Alamofire" */ = {
			isa = XCRemoteSwiftPackageReference;
			repositoryURL = "https://github.com/Alamofire/Alamofire";
			requirement = {
				kind = upToNextMajorVersion;
				minimumVersion = 5.0.0;
			};
		};
		D1BA59162AC33185007437F4 /* XCRemoteSwiftPackageReference "SnapKit" */ = {
			isa = XCRemoteSwiftPackageReference;
			repositoryURL = "https://github.com/SnapKit/SnapKit.git";
			requirement = {
				kind = upToNextMajorVersion;
				minimumVersion = 5.0.0;
			};
		};
		D1BA59192AC331C3007437F4 /* XCRemoteSwiftPackageReference "realm-swift" */ = {
			isa = XCRemoteSwiftPackageReference;
			repositoryURL = "https://github.com/realm/realm-swift.git";
			requirement = {
				branch = master;
				kind = branch;
			};
		};
/* End XCRemoteSwiftPackageReference section */

/* Begin XCSwiftPackageProductDependency section */
		D1B52EBF2AC9918000477A14 /* IQKeyboardManagerSwift */ = {
			isa = XCSwiftPackageProductDependency;
			package = D1B52EBE2AC9918000477A14 /* XCRemoteSwiftPackageReference "IQKeyboardManager" */;
			productName = IQKeyboardManagerSwift;
		};
		D1BA59142AC3317B007437F4 /* Alamofire */ = {
			isa = XCSwiftPackageProductDependency;
			package = D1BA59132AC3317B007437F4 /* XCRemoteSwiftPackageReference "Alamofire" */;
			productName = Alamofire;
		};
		D1BA59172AC33185007437F4 /* SnapKit */ = {
			isa = XCSwiftPackageProductDependency;
			package = D1BA59162AC33185007437F4 /* XCRemoteSwiftPackageReference "SnapKit" */;
			productName = SnapKit;
		};
		D1BA591A2AC331C3007437F4 /* Realm */ = {
			isa = XCSwiftPackageProductDependency;
			package = D1BA59192AC331C3007437F4 /* XCRemoteSwiftPackageReference "realm-swift" */;
			productName = Realm;
		};
		D1BA591C2AC331C3007437F4 /* RealmSwift */ = {
			isa = XCSwiftPackageProductDependency;
			package = D1BA59192AC331C3007437F4 /* XCRemoteSwiftPackageReference "realm-swift" */;
			productName = RealmSwift;
		};
/* End XCSwiftPackageProductDependency section */
	};
	rootObject = D1BA58F42AC330E9007437F4 /* Project object */;
}
